// !$*UTF8*$!
{
	archiveVersion = 1;
	classes = {
	};
	objectVersion = 50;
	objects = {

/* Begin PBXBuildFile section */
		4BA455AC244C4C0D004D7F06 /* SignInPresenter.swift in Sources */ = {isa = PBXBuildFile; fileRef = 4BA455AB244C4C0D004D7F06 /* SignInPresenter.swift */; };
		4BA455AE244C4CF9004D7F06 /* SignInViewController.swift in Sources */ = {isa = PBXBuildFile; fileRef = 4BA455AD244C4CF9004D7F06 /* SignInViewController.swift */; };
		4BA455B0244C4DAD004D7F06 /* SignInView.swift in Sources */ = {isa = PBXBuildFile; fileRef = 4BA455AF244C4DAD004D7F06 /* SignInView.swift */; };
		9202F596244B9D240024F277 /* String+Extension.swift in Sources */ = {isa = PBXBuildFile; fileRef = 9202F595244B9D240024F277 /* String+Extension.swift */; };
		92CD9D0B244ADBAB000EF227 /* AppDelegate.swift in Sources */ = {isa = PBXBuildFile; fileRef = 92CD9D0A244ADBAB000EF227 /* AppDelegate.swift */; };
		92CD9D0D244ADBAB000EF227 /* SceneDelegate.swift in Sources */ = {isa = PBXBuildFile; fileRef = 92CD9D0C244ADBAB000EF227 /* SceneDelegate.swift */; };
		92CD9D15244ADBAB000EF227 /* AuthorizationExample.xcdatamodeld in Sources */ = {isa = PBXBuildFile; fileRef = 92CD9D13244ADBAB000EF227 /* AuthorizationExample.xcdatamodeld */; };
		92CD9D17244ADBAC000EF227 /* Assets.xcassets in Resources */ = {isa = PBXBuildFile; fileRef = 92CD9D16244ADBAC000EF227 /* Assets.xcassets */; };
		92CD9D1A244ADBAC000EF227 /* LaunchScreen.storyboard in Resources */ = {isa = PBXBuildFile; fileRef = 92CD9D18244ADBAC000EF227 /* LaunchScreen.storyboard */; };
		92CD9D25244ADBAC000EF227 /* AuthorizationExampleTests.swift in Sources */ = {isa = PBXBuildFile; fileRef = 92CD9D24244ADBAC000EF227 /* AuthorizationExampleTests.swift */; };
		92CD9D39244ADDDD000EF227 /* LaunchScreenPresenter.swift in Sources */ = {isa = PBXBuildFile; fileRef = 92CD9D38244ADDDD000EF227 /* LaunchScreenPresenter.swift */; };
		92CD9D3C244ADE3F000EF227 /* NavigationProtocol.swift in Sources */ = {isa = PBXBuildFile; fileRef = 92CD9D3B244ADE3F000EF227 /* NavigationProtocol.swift */; };
		92CD9D3E244ADF87000EF227 /* LaunchViewController.swift in Sources */ = {isa = PBXBuildFile; fileRef = 92CD9D3D244ADF87000EF227 /* LaunchViewController.swift */; };
		92CD9D41244AE0AC000EF227 /* UIView+Extension.swift in Sources */ = {isa = PBXBuildFile; fileRef = 92CD9D40244AE0AC000EF227 /* UIView+Extension.swift */; };
		92CD9D43244AE18A000EF227 /* LaunchView.swift in Sources */ = {isa = PBXBuildFile; fileRef = 92CD9D42244AE18A000EF227 /* LaunchView.swift */; };
		92CD9D45244AE2DF000EF227 /* UIColor+Extension.swift in Sources */ = {isa = PBXBuildFile; fileRef = 92CD9D44244AE2DF000EF227 /* UIColor+Extension.swift */; };
		92CD9D47244AE345000EF227 /* UITextField+Extension.swift in Sources */ = {isa = PBXBuildFile; fileRef = 92CD9D46244AE345000EF227 /* UITextField+Extension.swift */; };
		92F0208B244AE75400B1D6AC /* UIFont+Extension.swift in Sources */ = {isa = PBXBuildFile; fileRef = 92F0208A244AE75400B1D6AC /* UIFont+Extension.swift */; };
		92F0208E244AE97700B1D6AC /* Builder.swift in Sources */ = {isa = PBXBuildFile; fileRef = 92F0208D244AE97700B1D6AC /* Builder.swift */; };
		92F02091244AE9F500B1D6AC /* LaunchBuilder.swift in Sources */ = {isa = PBXBuildFile; fileRef = 92F02090244AE9F500B1D6AC /* LaunchBuilder.swift */; };
		92F02096244AF6BA00B1D6AC /* LoginViewController.swift in Sources */ = {isa = PBXBuildFile; fileRef = 92F02095244AF6BA00B1D6AC /* LoginViewController.swift */; };
		92F02098244AF74300B1D6AC /* LoginView.swift in Sources */ = {isa = PBXBuildFile; fileRef = 92F02097244AF74300B1D6AC /* LoginView.swift */; };
		92F0209A244AF91900B1D6AC /* LoginPresenter.swift in Sources */ = {isa = PBXBuildFile; fileRef = 92F02099244AF91900B1D6AC /* LoginPresenter.swift */; };
		92F0209C244AF9F700B1D6AC /* LoginBuilder.swift in Sources */ = {isa = PBXBuildFile; fileRef = 92F0209B244AF9F700B1D6AC /* LoginBuilder.swift */; };
/* End PBXBuildFile section */

/* Begin PBXContainerItemProxy section */
		92CD9D21244ADBAC000EF227 /* PBXContainerItemProxy */ = {
			isa = PBXContainerItemProxy;
			containerPortal = 92CD9CFF244ADBAB000EF227 /* Project object */;
			proxyType = 1;
			remoteGlobalIDString = 92CD9D06244ADBAB000EF227;
			remoteInfo = AuthorizationExample;
		};
/* End PBXContainerItemProxy section */

/* Begin PBXFileReference section */
		4BA455AB244C4C0D004D7F06 /* SignInPresenter.swift */ = {isa = PBXFileReference; lastKnownFileType = sourcecode.swift; path = SignInPresenter.swift; sourceTree = "<group>"; };
		4BA455AD244C4CF9004D7F06 /* SignInViewController.swift */ = {isa = PBXFileReference; lastKnownFileType = sourcecode.swift; path = SignInViewController.swift; sourceTree = "<group>"; };
		4BA455AF244C4DAD004D7F06 /* SignInView.swift */ = {isa = PBXFileReference; lastKnownFileType = sourcecode.swift; path = SignInView.swift; sourceTree = "<group>"; };
		9202F595244B9D240024F277 /* String+Extension.swift */ = {isa = PBXFileReference; lastKnownFileType = sourcecode.swift; path = "String+Extension.swift"; sourceTree = "<group>"; };
		92CD9D07244ADBAB000EF227 /* AuthorizationExample.app */ = {isa = PBXFileReference; explicitFileType = wrapper.application; includeInIndex = 0; path = AuthorizationExample.app; sourceTree = BUILT_PRODUCTS_DIR; };
		92CD9D0A244ADBAB000EF227 /* AppDelegate.swift */ = {isa = PBXFileReference; lastKnownFileType = sourcecode.swift; path = AppDelegate.swift; sourceTree = "<group>"; };
		92CD9D0C244ADBAB000EF227 /* SceneDelegate.swift */ = {isa = PBXFileReference; lastKnownFileType = sourcecode.swift; path = SceneDelegate.swift; sourceTree = "<group>"; };
		92CD9D14244ADBAB000EF227 /* AuthorizationExample.xcdatamodel */ = {isa = PBXFileReference; lastKnownFileType = wrapper.xcdatamodel; path = AuthorizationExample.xcdatamodel; sourceTree = "<group>"; };
		92CD9D16244ADBAC000EF227 /* Assets.xcassets */ = {isa = PBXFileReference; lastKnownFileType = folder.assetcatalog; path = Assets.xcassets; sourceTree = "<group>"; };
		92CD9D19244ADBAC000EF227 /* Base */ = {isa = PBXFileReference; lastKnownFileType = file.storyboard; name = Base; path = Base.lproj/LaunchScreen.storyboard; sourceTree = "<group>"; };
		92CD9D1B244ADBAC000EF227 /* Info.plist */ = {isa = PBXFileReference; lastKnownFileType = text.plist.xml; path = Info.plist; sourceTree = "<group>"; };
		92CD9D20244ADBAC000EF227 /* AuthorizationExampleTests.xctest */ = {isa = PBXFileReference; explicitFileType = wrapper.cfbundle; includeInIndex = 0; path = AuthorizationExampleTests.xctest; sourceTree = BUILT_PRODUCTS_DIR; };
		92CD9D24244ADBAC000EF227 /* AuthorizationExampleTests.swift */ = {isa = PBXFileReference; lastKnownFileType = sourcecode.swift; path = AuthorizationExampleTests.swift; sourceTree = "<group>"; };
		92CD9D26244ADBAC000EF227 /* Info.plist */ = {isa = PBXFileReference; lastKnownFileType = text.plist.xml; path = Info.plist; sourceTree = "<group>"; };
		92CD9D38244ADDDD000EF227 /* LaunchScreenPresenter.swift */ = {isa = PBXFileReference; lastKnownFileType = sourcecode.swift; path = LaunchScreenPresenter.swift; sourceTree = "<group>"; };
		92CD9D3B244ADE3F000EF227 /* NavigationProtocol.swift */ = {isa = PBXFileReference; lastKnownFileType = sourcecode.swift; path = NavigationProtocol.swift; sourceTree = "<group>"; };
		92CD9D3D244ADF87000EF227 /* LaunchViewController.swift */ = {isa = PBXFileReference; lastKnownFileType = sourcecode.swift; path = LaunchViewController.swift; sourceTree = "<group>"; };
		92CD9D40244AE0AC000EF227 /* UIView+Extension.swift */ = {isa = PBXFileReference; lastKnownFileType = sourcecode.swift; path = "UIView+Extension.swift"; sourceTree = "<group>"; };
		92CD9D42244AE18A000EF227 /* LaunchView.swift */ = {isa = PBXFileReference; lastKnownFileType = sourcecode.swift; path = LaunchView.swift; sourceTree = "<group>"; };
		92CD9D44244AE2DF000EF227 /* UIColor+Extension.swift */ = {isa = PBXFileReference; lastKnownFileType = sourcecode.swift; path = "UIColor+Extension.swift"; sourceTree = "<group>"; };
		92CD9D46244AE345000EF227 /* UITextField+Extension.swift */ = {isa = PBXFileReference; fileEncoding = 4; lastKnownFileType = sourcecode.swift; path = "UITextField+Extension.swift"; sourceTree = "<group>"; };
		92F0208A244AE75400B1D6AC /* UIFont+Extension.swift */ = {isa = PBXFileReference; lastKnownFileType = sourcecode.swift; path = "UIFont+Extension.swift"; sourceTree = "<group>"; };
		92F0208D244AE97700B1D6AC /* Builder.swift */ = {isa = PBXFileReference; lastKnownFileType = sourcecode.swift; path = Builder.swift; sourceTree = "<group>"; };
		92F02090244AE9F500B1D6AC /* LaunchBuilder.swift */ = {isa = PBXFileReference; lastKnownFileType = sourcecode.swift; path = LaunchBuilder.swift; sourceTree = "<group>"; };
		92F02095244AF6BA00B1D6AC /* LoginViewController.swift */ = {isa = PBXFileReference; lastKnownFileType = sourcecode.swift; path = LoginViewController.swift; sourceTree = "<group>"; };
		92F02097244AF74300B1D6AC /* LoginView.swift */ = {isa = PBXFileReference; lastKnownFileType = sourcecode.swift; path = LoginView.swift; sourceTree = "<group>"; };
		92F02099244AF91900B1D6AC /* LoginPresenter.swift */ = {isa = PBXFileReference; lastKnownFileType = sourcecode.swift; path = LoginPresenter.swift; sourceTree = "<group>"; };
		92F0209B244AF9F700B1D6AC /* LoginBuilder.swift */ = {isa = PBXFileReference; lastKnownFileType = sourcecode.swift; path = LoginBuilder.swift; sourceTree = "<group>"; };
/* End PBXFileReference section */

/* Begin PBXFrameworksBuildPhase section */
		92CD9D04244ADBAB000EF227 /* Frameworks */ = {
			isa = PBXFrameworksBuildPhase;
			buildActionMask = 2147483647;
			files = (
			);
			runOnlyForDeploymentPostprocessing = 0;
		};
		92CD9D1D244ADBAC000EF227 /* Frameworks */ = {
			isa = PBXFrameworksBuildPhase;
			buildActionMask = 2147483647;
			files = (
			);
			runOnlyForDeploymentPostprocessing = 0;
		};
/* End PBXFrameworksBuildPhase section */

/* Begin PBXGroup section */
		4BA455A8244C4BD9004D7F06 /* Sign in */ = {
			isa = PBXGroup;
			children = (
				4BA455AA244C4BF8004D7F06 /* View */,
				4BA455A9244C4BF3004D7F06 /* Presenter */,
			);
			path = "Sign in";
			sourceTree = "<group>";
		};
		4BA455A9244C4BF3004D7F06 /* Presenter */ = {
			isa = PBXGroup;
			children = (
				4BA455AB244C4C0D004D7F06 /* SignInPresenter.swift */,
			);
			path = Presenter;
			sourceTree = "<group>";
		};
		4BA455AA244C4BF8004D7F06 /* View */ = {
			isa = PBXGroup;
			children = (
				4BA455AF244C4DAD004D7F06 /* SignInView.swift */,
				4BA455AD244C4CF9004D7F06 /* SignInViewController.swift */,
			);
			path = View;
			sourceTree = "<group>";
		};
		92CD9CFE244ADBAB000EF227 = {
			isa = PBXGroup;
			children = (
				92CD9D09244ADBAB000EF227 /* AuthorizationExample */,
				92CD9D23244ADBAC000EF227 /* AuthorizationExampleTests */,
				92CD9D08244ADBAB000EF227 /* Products */,
			);
			sourceTree = "<group>";
		};
		92CD9D08244ADBAB000EF227 /* Products */ = {
			isa = PBXGroup;
			children = (
				92CD9D07244ADBAB000EF227 /* AuthorizationExample.app */,
				92CD9D20244ADBAC000EF227 /* AuthorizationExampleTests.xctest */,
			);
			name = Products;
			sourceTree = "<group>";
		};
		92CD9D09244ADBAB000EF227 /* AuthorizationExample */ = {
			isa = PBXGroup;
			children = (
				92CD9D2F244ADD46000EF227 /* App Delegate */,
				92CD9D30244ADD63000EF227 /* Module */,
				92CD9D31244ADD69000EF227 /* Services */,
				92CD9D33244ADD85000EF227 /* Resources */,
				92CD9D34244ADD91000EF227 /* Storyboard */,
				92CD9D1B244ADBAC000EF227 /* Info.plist */,
			);
			path = AuthorizationExample;
			sourceTree = "<group>";
		};
		92CD9D23244ADBAC000EF227 /* AuthorizationExampleTests */ = {
			isa = PBXGroup;
			children = (
				92CD9D24244ADBAC000EF227 /* AuthorizationExampleTests.swift */,
				92CD9D26244ADBAC000EF227 /* Info.plist */,
			);
			path = AuthorizationExampleTests;
			sourceTree = "<group>";
		};
		92CD9D2F244ADD46000EF227 /* App Delegate */ = {
			isa = PBXGroup;
			children = (
				92CD9D0A244ADBAB000EF227 /* AppDelegate.swift */,
				92CD9D0C244ADBAB000EF227 /* SceneDelegate.swift */,
			);
			path = "App Delegate";
			sourceTree = "<group>";
		};
		92CD9D30244ADD63000EF227 /* Module */ = {
			isa = PBXGroup;
			children = (
				92CD9D3A244ADE30000EF227 /* Navigation Protocol */,
				92CD9D35244ADDA1000EF227 /* Launch */,
				4BA455A8244C4BD9004D7F06 /* Sign in */,
				92F02092244AF66600B1D6AC /* Login */,
			);
			path = Module;
			sourceTree = "<group>";
		};
		92CD9D31244ADD69000EF227 /* Services */ = {
			isa = PBXGroup;
			children = (
				92F0208C244AE96400B1D6AC /* Builder */,
				92CD9D3F244AE095000EF227 /* Extension */,
				92CD9D32244ADD77000EF227 /* CoreData */,
			);
			path = Services;
			sourceTree = "<group>";
		};
		92CD9D32244ADD77000EF227 /* CoreData */ = {
			isa = PBXGroup;
			children = (
				92CD9D13244ADBAB000EF227 /* AuthorizationExample.xcdatamodeld */,
			);
			path = CoreData;
			sourceTree = "<group>";
		};
		92CD9D33244ADD85000EF227 /* Resources */ = {
			isa = PBXGroup;
			children = (
				92CD9D16244ADBAC000EF227 /* Assets.xcassets */,
			);
			path = Resources;
			sourceTree = "<group>";
		};
		92CD9D34244ADD91000EF227 /* Storyboard */ = {
			isa = PBXGroup;
			children = (
				92CD9D18244ADBAC000EF227 /* LaunchScreen.storyboard */,
			);
			path = Storyboard;
			sourceTree = "<group>";
		};
		92CD9D35244ADDA1000EF227 /* Launch */ = {
			isa = PBXGroup;
			children = (
				92CD9D37244ADDAD000EF227 /* View */,
				92CD9D36244ADDA8000EF227 /* Presenter */,
			);
			path = Launch;
			sourceTree = "<group>";
		};
		92CD9D36244ADDA8000EF227 /* Presenter */ = {
			isa = PBXGroup;
			children = (
				92CD9D38244ADDDD000EF227 /* LaunchScreenPresenter.swift */,
			);
			path = Presenter;
			sourceTree = "<group>";
		};
		92CD9D37244ADDAD000EF227 /* View */ = {
			isa = PBXGroup;
			children = (
				92CD9D42244AE18A000EF227 /* LaunchView.swift */,
				92CD9D3D244ADF87000EF227 /* LaunchViewController.swift */,
			);
			path = View;
			sourceTree = "<group>";
		};
		92CD9D3A244ADE30000EF227 /* Navigation Protocol */ = {
			isa = PBXGroup;
			children = (
				92CD9D3B244ADE3F000EF227 /* NavigationProtocol.swift */,
			);
			path = "Navigation Protocol";
			sourceTree = "<group>";
		};
		92CD9D3F244AE095000EF227 /* Extension */ = {
			isa = PBXGroup;
			children = (
				92CD9D40244AE0AC000EF227 /* UIView+Extension.swift */,
				92CD9D44244AE2DF000EF227 /* UIColor+Extension.swift */,
				92CD9D46244AE345000EF227 /* UITextField+Extension.swift */,
				92F0208A244AE75400B1D6AC /* UIFont+Extension.swift */,
				9202F595244B9D240024F277 /* String+Extension.swift */,
			);
			path = Extension;
			sourceTree = "<group>";
		};
		92F0208C244AE96400B1D6AC /* Builder */ = {
			isa = PBXGroup;
			children = (
				92F0208D244AE97700B1D6AC /* Builder.swift */,
				92F02090244AE9F500B1D6AC /* LaunchBuilder.swift */,
				92F0209B244AF9F700B1D6AC /* LoginBuilder.swift */,
			);
			path = Builder;
			sourceTree = "<group>";
		};
		92F02092244AF66600B1D6AC /* Login */ = {
			isa = PBXGroup;
			children = (
				92F02094244AF6AC00B1D6AC /* View */,
				92F02093244AF6A500B1D6AC /* Presenter */,
			);
			path = Login;
			sourceTree = "<group>";
		};
		92F02093244AF6A500B1D6AC /* Presenter */ = {
			isa = PBXGroup;
			children = (
				92F02099244AF91900B1D6AC /* LoginPresenter.swift */,
			);
			path = Presenter;
			sourceTree = "<group>";
		};
		92F02094244AF6AC00B1D6AC /* View */ = {
			isa = PBXGroup;
			children = (
				92F02097244AF74300B1D6AC /* LoginView.swift */,
				92F02095244AF6BA00B1D6AC /* LoginViewController.swift */,
			);
			path = View;
			sourceTree = "<group>";
		};
/* End PBXGroup section */

/* Begin PBXNativeTarget section */
		92CD9D06244ADBAB000EF227 /* AuthorizationExample */ = {
			isa = PBXNativeTarget;
			buildConfigurationList = 92CD9D29244ADBAC000EF227 /* Build configuration list for PBXNativeTarget "AuthorizationExample" */;
			buildPhases = (
				92CD9D03244ADBAB000EF227 /* Sources */,
				92CD9D04244ADBAB000EF227 /* Frameworks */,
				92CD9D05244ADBAB000EF227 /* Resources */,
			);
			buildRules = (
			);
			dependencies = (
			);
			name = AuthorizationExample;
			productName = AuthorizationExample;
			productReference = 92CD9D07244ADBAB000EF227 /* AuthorizationExample.app */;
			productType = "com.apple.product-type.application";
		};
		92CD9D1F244ADBAC000EF227 /* AuthorizationExampleTests */ = {
			isa = PBXNativeTarget;
			buildConfigurationList = 92CD9D2C244ADBAC000EF227 /* Build configuration list for PBXNativeTarget "AuthorizationExampleTests" */;
			buildPhases = (
				92CD9D1C244ADBAC000EF227 /* Sources */,
				92CD9D1D244ADBAC000EF227 /* Frameworks */,
				92CD9D1E244ADBAC000EF227 /* Resources */,
			);
			buildRules = (
			);
			dependencies = (
				92CD9D22244ADBAC000EF227 /* PBXTargetDependency */,
			);
			name = AuthorizationExampleTests;
			productName = AuthorizationExampleTests;
			productReference = 92CD9D20244ADBAC000EF227 /* AuthorizationExampleTests.xctest */;
			productType = "com.apple.product-type.bundle.unit-test";
		};
/* End PBXNativeTarget section */

/* Begin PBXProject section */
		92CD9CFF244ADBAB000EF227 /* Project object */ = {
			isa = PBXProject;
			attributes = {
				LastSwiftUpdateCheck = 1140;
				LastUpgradeCheck = 1140;
				ORGANIZATIONNAME = "Denis Grishchenko";
				TargetAttributes = {
					92CD9D06244ADBAB000EF227 = {
						CreatedOnToolsVersion = 11.4.1;
					};
					92CD9D1F244ADBAC000EF227 = {
						CreatedOnToolsVersion = 11.4.1;
						TestTargetID = 92CD9D06244ADBAB000EF227;
					};
				};
			};
			buildConfigurationList = 92CD9D02244ADBAB000EF227 /* Build configuration list for PBXProject "AuthorizationExample" */;
			compatibilityVersion = "Xcode 9.3";
			developmentRegion = en;
			hasScannedForEncodings = 0;
			knownRegions = (
				en,
				Base,
			);
			mainGroup = 92CD9CFE244ADBAB000EF227;
			productRefGroup = 92CD9D08244ADBAB000EF227 /* Products */;
			projectDirPath = "";
			projectRoot = "";
			targets = (
				92CD9D06244ADBAB000EF227 /* AuthorizationExample */,
				92CD9D1F244ADBAC000EF227 /* AuthorizationExampleTests */,
			);
		};
/* End PBXProject section */

/* Begin PBXResourcesBuildPhase section */
		92CD9D05244ADBAB000EF227 /* Resources */ = {
			isa = PBXResourcesBuildPhase;
			buildActionMask = 2147483647;
			files = (
				92CD9D1A244ADBAC000EF227 /* LaunchScreen.storyboard in Resources */,
				92CD9D17244ADBAC000EF227 /* Assets.xcassets in Resources */,
			);
			runOnlyForDeploymentPostprocessing = 0;
		};
		92CD9D1E244ADBAC000EF227 /* Resources */ = {
			isa = PBXResourcesBuildPhase;
			buildActionMask = 2147483647;
			files = (
			);
			runOnlyForDeploymentPostprocessing = 0;
		};
/* End PBXResourcesBuildPhase section */

/* Begin PBXSourcesBuildPhase section */
		92CD9D03244ADBAB000EF227 /* Sources */ = {
			isa = PBXSourcesBuildPhase;
			buildActionMask = 2147483647;
			files = (
				92F0209A244AF91900B1D6AC /* LoginPresenter.swift in Sources */,
				92F02096244AF6BA00B1D6AC /* LoginViewController.swift in Sources */,
				92CD9D0B244ADBAB000EF227 /* AppDelegate.swift in Sources */,
				92CD9D43244AE18A000EF227 /* LaunchView.swift in Sources */,
				92F02098244AF74300B1D6AC /* LoginView.swift in Sources */,
				92CD9D41244AE0AC000EF227 /* UIView+Extension.swift in Sources */,
				4BA455AC244C4C0D004D7F06 /* SignInPresenter.swift in Sources */,
				92CD9D47244AE345000EF227 /* UITextField+Extension.swift in Sources */,
				4BA455AE244C4CF9004D7F06 /* SignInViewController.swift in Sources */,
				92CD9D45244AE2DF000EF227 /* UIColor+Extension.swift in Sources */,
				92F02091244AE9F500B1D6AC /* LaunchBuilder.swift in Sources */,
				92CD9D3E244ADF87000EF227 /* LaunchViewController.swift in Sources */,
				9202F596244B9D240024F277 /* String+Extension.swift in Sources */,
				92CD9D39244ADDDD000EF227 /* LaunchScreenPresenter.swift in Sources */,
				92CD9D15244ADBAB000EF227 /* AuthorizationExample.xcdatamodeld in Sources */,
				4BA455B0244C4DAD004D7F06 /* SignInView.swift in Sources */,
				92CD9D0D244ADBAB000EF227 /* SceneDelegate.swift in Sources */,
				92CD9D3C244ADE3F000EF227 /* NavigationProtocol.swift in Sources */,
				92F0208B244AE75400B1D6AC /* UIFont+Extension.swift in Sources */,
				92F0208E244AE97700B1D6AC /* Builder.swift in Sources */,
				92F0209C244AF9F700B1D6AC /* LoginBuilder.swift in Sources */,
			);
			runOnlyForDeploymentPostprocessing = 0;
		};
		92CD9D1C244ADBAC000EF227 /* Sources */ = {
			isa = PBXSourcesBuildPhase;
			buildActionMask = 2147483647;
			files = (
				92CD9D25244ADBAC000EF227 /* AuthorizationExampleTests.swift in Sources */,
			);
			runOnlyForDeploymentPostprocessing = 0;
		};
/* End PBXSourcesBuildPhase section */

/* Begin PBXTargetDependency section */
		92CD9D22244ADBAC000EF227 /* PBXTargetDependency */ = {
			isa = PBXTargetDependency;
			target = 92CD9D06244ADBAB000EF227 /* AuthorizationExample */;
			targetProxy = 92CD9D21244ADBAC000EF227 /* PBXContainerItemProxy */;
		};
/* End PBXTargetDependency section */

/* Begin PBXVariantGroup section */
		92CD9D18244ADBAC000EF227 /* LaunchScreen.storyboard */ = {
			isa = PBXVariantGroup;
			children = (
				92CD9D19244ADBAC000EF227 /* Base */,
			);
			name = LaunchScreen.storyboard;
			sourceTree = "<group>";
		};
/* End PBXVariantGroup section */

/* Begin XCBuildConfiguration section */
		92CD9D27244ADBAC000EF227 /* Debug */ = {
			isa = XCBuildConfiguration;
			buildSettings = {
				ALWAYS_SEARCH_USER_PATHS = NO;
				CLANG_ANALYZER_NONNULL = YES;
				CLANG_ANALYZER_NUMBER_OBJECT_CONVERSION = YES_AGGRESSIVE;
				CLANG_CXX_LANGUAGE_STANDARD = "gnu++14";
				CLANG_CXX_LIBRARY = "libc++";
				CLANG_ENABLE_MODULES = YES;
				CLANG_ENABLE_OBJC_ARC = YES;
				CLANG_ENABLE_OBJC_WEAK = YES;
				CLANG_WARN_BLOCK_CAPTURE_AUTORELEASING = YES;
				CLANG_WARN_BOOL_CONVERSION = YES;
				CLANG_WARN_COMMA = YES;
				CLANG_WARN_CONSTANT_CONVERSION = YES;
				CLANG_WARN_DEPRECATED_OBJC_IMPLEMENTATIONS = YES;
				CLANG_WARN_DIRECT_OBJC_ISA_USAGE = YES_ERROR;
				CLANG_WARN_DOCUMENTATION_COMMENTS = YES;
				CLANG_WARN_EMPTY_BODY = YES;
				CLANG_WARN_ENUM_CONVERSION = YES;
				CLANG_WARN_INFINITE_RECURSION = YES;
				CLANG_WARN_INT_CONVERSION = YES;
				CLANG_WARN_NON_LITERAL_NULL_CONVERSION = YES;
				CLANG_WARN_OBJC_IMPLICIT_RETAIN_SELF = YES;
				CLANG_WARN_OBJC_LITERAL_CONVERSION = YES;
				CLANG_WARN_OBJC_ROOT_CLASS = YES_ERROR;
				CLANG_WARN_RANGE_LOOP_ANALYSIS = YES;
				CLANG_WARN_STRICT_PROTOTYPES = YES;
				CLANG_WARN_SUSPICIOUS_MOVE = YES;
				CLANG_WARN_UNGUARDED_AVAILABILITY = YES_AGGRESSIVE;
				CLANG_WARN_UNREACHABLE_CODE = YES;
				CLANG_WARN__DUPLICATE_METHOD_MATCH = YES;
				COPY_PHASE_STRIP = NO;
				DEBUG_INFORMATION_FORMAT = dwarf;
				ENABLE_STRICT_OBJC_MSGSEND = YES;
				ENABLE_TESTABILITY = YES;
				GCC_C_LANGUAGE_STANDARD = gnu11;
				GCC_DYNAMIC_NO_PIC = NO;
				GCC_NO_COMMON_BLOCKS = YES;
				GCC_OPTIMIZATION_LEVEL = 0;
				GCC_PREPROCESSOR_DEFINITIONS = (
					"DEBUG=1",
					"$(inherited)",
				);
				GCC_WARN_64_TO_32_BIT_CONVERSION = YES;
				GCC_WARN_ABOUT_RETURN_TYPE = YES_ERROR;
				GCC_WARN_UNDECLARED_SELECTOR = YES;
				GCC_WARN_UNINITIALIZED_AUTOS = YES_AGGRESSIVE;
				GCC_WARN_UNUSED_FUNCTION = YES;
				GCC_WARN_UNUSED_VARIABLE = YES;
				IPHONEOS_DEPLOYMENT_TARGET = 13.4;
				MTL_ENABLE_DEBUG_INFO = INCLUDE_SOURCE;
				MTL_FAST_MATH = YES;
				ONLY_ACTIVE_ARCH = YES;
				SDKROOT = iphoneos;
				SWIFT_ACTIVE_COMPILATION_CONDITIONS = DEBUG;
				SWIFT_OPTIMIZATION_LEVEL = "-Onone";
			};
			name = Debug;
		};
		92CD9D28244ADBAC000EF227 /* Release */ = {
			isa = XCBuildConfiguration;
			buildSettings = {
				ALWAYS_SEARCH_USER_PATHS = NO;
				CLANG_ANALYZER_NONNULL = YES;
				CLANG_ANALYZER_NUMBER_OBJECT_CONVERSION = YES_AGGRESSIVE;
				CLANG_CXX_LANGUAGE_STANDARD = "gnu++14";
				CLANG_CXX_LIBRARY = "libc++";
				CLANG_ENABLE_MODULES = YES;
				CLANG_ENABLE_OBJC_ARC = YES;
				CLANG_ENABLE_OBJC_WEAK = YES;
				CLANG_WARN_BLOCK_CAPTURE_AUTORELEASING = YES;
				CLANG_WARN_BOOL_CONVERSION = YES;
				CLANG_WARN_COMMA = YES;
				CLANG_WARN_CONSTANT_CONVERSION = YES;
				CLANG_WARN_DEPRECATED_OBJC_IMPLEMENTATIONS = YES;
				CLANG_WARN_DIRECT_OBJC_ISA_USAGE = YES_ERROR;
				CLANG_WARN_DOCUMENTATION_COMMENTS = YES;
				CLANG_WARN_EMPTY_BODY = YES;
				CLANG_WARN_ENUM_CONVERSION = YES;
				CLANG_WARN_INFINITE_RECURSION = YES;
				CLANG_WARN_INT_CONVERSION = YES;
				CLANG_WARN_NON_LITERAL_NULL_CONVERSION = YES;
				CLANG_WARN_OBJC_IMPLICIT_RETAIN_SELF = YES;
				CLANG_WARN_OBJC_LITERAL_CONVERSION = YES;
				CLANG_WARN_OBJC_ROOT_CLASS = YES_ERROR;
				CLANG_WARN_RANGE_LOOP_ANALYSIS = YES;
				CLANG_WARN_STRICT_PROTOTYPES = YES;
				CLANG_WARN_SUSPICIOUS_MOVE = YES;
				CLANG_WARN_UNGUARDED_AVAILABILITY = YES_AGGRESSIVE;
				CLANG_WARN_UNREACHABLE_CODE = YES;
				CLANG_WARN__DUPLICATE_METHOD_MATCH = YES;
				COPY_PHASE_STRIP = NO;
				DEBUG_INFORMATION_FORMAT = "dwarf-with-dsym";
				ENABLE_NS_ASSERTIONS = NO;
				ENABLE_STRICT_OBJC_MSGSEND = YES;
				GCC_C_LANGUAGE_STANDARD = gnu11;
				GCC_NO_COMMON_BLOCKS = YES;
				GCC_WARN_64_TO_32_BIT_CONVERSION = YES;
				GCC_WARN_ABOUT_RETURN_TYPE = YES_ERROR;
				GCC_WARN_UNDECLARED_SELECTOR = YES;
				GCC_WARN_UNINITIALIZED_AUTOS = YES_AGGRESSIVE;
				GCC_WARN_UNUSED_FUNCTION = YES;
				GCC_WARN_UNUSED_VARIABLE = YES;
				IPHONEOS_DEPLOYMENT_TARGET = 13.4;
				MTL_ENABLE_DEBUG_INFO = NO;
				MTL_FAST_MATH = YES;
				SDKROOT = iphoneos;
				SWIFT_COMPILATION_MODE = wholemodule;
				SWIFT_OPTIMIZATION_LEVEL = "-O";
				VALIDATE_PRODUCT = YES;
			};
			name = Release;
		};
		92CD9D2A244ADBAC000EF227 /* Debug */ = {
			isa = XCBuildConfiguration;
			buildSettings = {
				ASSETCATALOG_COMPILER_APPICON_NAME = AppIcon;
				CODE_SIGN_STYLE = Automatic;
				INFOPLIST_FILE = AuthorizationExample/Info.plist;
				LD_RUNPATH_SEARCH_PATHS = (
					"$(inherited)",
					"@executable_path/Frameworks",
				);
				PRODUCT_BUNDLE_IDENTIFIER = com.grishchenko.denis.AuthorizationExample;
				PRODUCT_NAME = "$(TARGET_NAME)";
				SWIFT_VERSION = 5.0;
				TARGETED_DEVICE_FAMILY = "1,2";
			};
			name = Debug;
		};
		92CD9D2B244ADBAC000EF227 /* Release */ = {
			isa = XCBuildConfiguration;
			buildSettings = {
				ASSETCATALOG_COMPILER_APPICON_NAME = AppIcon;
				CODE_SIGN_STYLE = Automatic;
				INFOPLIST_FILE = AuthorizationExample/Info.plist;
				LD_RUNPATH_SEARCH_PATHS = (
					"$(inherited)",
					"@executable_path/Frameworks",
				);
				PRODUCT_BUNDLE_IDENTIFIER = com.grishchenko.denis.AuthorizationExample;
				PRODUCT_NAME = "$(TARGET_NAME)";
				SWIFT_VERSION = 5.0;
				TARGETED_DEVICE_FAMILY = "1,2";
			};
			name = Release;
		};
		92CD9D2D244ADBAC000EF227 /* Debug */ = {
			isa = XCBuildConfiguration;
			buildSettings = {
				ALWAYS_EMBED_SWIFT_STANDARD_LIBRARIES = YES;
				BUNDLE_LOADER = "$(TEST_HOST)";
				CODE_SIGN_STYLE = Automatic;
				INFOPLIST_FILE = AuthorizationExampleTests/Info.plist;
				IPHONEOS_DEPLOYMENT_TARGET = 13.4;
				LD_RUNPATH_SEARCH_PATHS = (
					"$(inherited)",
					"@executable_path/Frameworks",
					"@loader_path/Frameworks",
				);
				PRODUCT_BUNDLE_IDENTIFIER = com.grishchenko.denis.AuthorizationExampleTests;
				PRODUCT_NAME = "$(TARGET_NAME)";
				SWIFT_VERSION = 5.0;
				TARGETED_DEVICE_FAMILY = "1,2";
				TEST_HOST = "$(BUILT_PRODUCTS_DIR)/AuthorizationExample.app/AuthorizationExample";
			};
			name = Debug;
		};
		92CD9D2E244ADBAC000EF227 /* Release */ = {
			isa = XCBuildConfiguration;
			buildSettings = {
				ALWAYS_EMBED_SWIFT_STANDARD_LIBRARIES = YES;
				BUNDLE_LOADER = "$(TEST_HOST)";
				CODE_SIGN_STYLE = Automatic;
				INFOPLIST_FILE = AuthorizationExampleTests/Info.plist;
				IPHONEOS_DEPLOYMENT_TARGET = 13.4;
				LD_RUNPATH_SEARCH_PATHS = (
					"$(inherited)",
					"@executable_path/Frameworks",
					"@loader_path/Frameworks",
				);
				PRODUCT_BUNDLE_IDENTIFIER = com.grishchenko.denis.AuthorizationExampleTests;
				PRODUCT_NAME = "$(TARGET_NAME)";
				SWIFT_VERSION = 5.0;
				TARGETED_DEVICE_FAMILY = "1,2";
				TEST_HOST = "$(BUILT_PRODUCTS_DIR)/AuthorizationExample.app/AuthorizationExample";
			};
			name = Release;
		};
/* End XCBuildConfiguration section */

/* Begin XCConfigurationList section */
		92CD9D02244ADBAB000EF227 /* Build configuration list for PBXProject "AuthorizationExample" */ = {
			isa = XCConfigurationList;
			buildConfigurations = (
				92CD9D27244ADBAC000EF227 /* Debug */,
				92CD9D28244ADBAC000EF227 /* Release */,
			);
			defaultConfigurationIsVisible = 0;
			defaultConfigurationName = Release;
		};
		92CD9D29244ADBAC000EF227 /* Build configuration list for PBXNativeTarget "AuthorizationExample" */ = {
			isa = XCConfigurationList;
			buildConfigurations = (
				92CD9D2A244ADBAC000EF227 /* Debug */,
				92CD9D2B244ADBAC000EF227 /* Release */,
			);
			defaultConfigurationIsVisible = 0;
			defaultConfigurationName = Release;
		};
		92CD9D2C244ADBAC000EF227 /* Build configuration list for PBXNativeTarget "AuthorizationExampleTests" */ = {
			isa = XCConfigurationList;
			buildConfigurations = (
				92CD9D2D244ADBAC000EF227 /* Debug */,
				92CD9D2E244ADBAC000EF227 /* Release */,
			);
			defaultConfigurationIsVisible = 0;
			defaultConfigurationName = Release;
		};
/* End XCConfigurationList section */

/* Begin XCVersionGroup section */
		92CD9D13244ADBAB000EF227 /* AuthorizationExample.xcdatamodeld */ = {
			isa = XCVersionGroup;
			children = (
				92CD9D14244ADBAB000EF227 /* AuthorizationExample.xcdatamodel */,
			);
			currentVersion = 92CD9D14244ADBAB000EF227 /* AuthorizationExample.xcdatamodel */;
			path = AuthorizationExample.xcdatamodeld;
			sourceTree = "<group>";
			versionGroupType = wrapper.xcdatamodel;
		};
/* End XCVersionGroup section */
	};
	rootObject = 92CD9CFF244ADBAB000EF227 /* Project object */;
}
