// !$*UTF8*$!
{
	archiveVersion = 1;
	classes = {
	};
	objectVersion = 51;
	objects = {

/* Begin PBXBuildFile section */
		4B007A2E2452FC660063939B /* GoogleSignInService.swift in Sources */ = {isa = PBXBuildFile; fileRef = 4B007A2D2452FC660063939B /* GoogleSignInService.swift */; };
		4B007A3824530F6A0063939B /* HomeViewController.swift in Sources */ = {isa = PBXBuildFile; fileRef = 4B007A3724530F6A0063939B /* HomeViewController.swift */; };
		4B007A3A24530FC70063939B /* HomeView.swift in Sources */ = {isa = PBXBuildFile; fileRef = 4B007A3924530FC70063939B /* HomeView.swift */; };
		4B007A3C245310EA0063939B /* HomeBuilder.swift in Sources */ = {isa = PBXBuildFile; fileRef = 4B007A3B245310EA0063939B /* HomeBuilder.swift */; };
		4B007A3E245312BD0063939B /* HomeProtocol.swift in Sources */ = {isa = PBXBuildFile; fileRef = 4B007A3D245312BD0063939B /* HomeProtocol.swift */; };
		4B007A40245314CC0063939B /* HomeConfigurator.swift in Sources */ = {isa = PBXBuildFile; fileRef = 4B007A3F245314CC0063939B /* HomeConfigurator.swift */; };
		4B007A422453151F0063939B /* HomeInteractor.swift in Sources */ = {isa = PBXBuildFile; fileRef = 4B007A412453151F0063939B /* HomeInteractor.swift */; };
		4B007A442453152B0063939B /* HomePresenter.swift in Sources */ = {isa = PBXBuildFile; fileRef = 4B007A432453152B0063939B /* HomePresenter.swift */; };
		4B007A462453177C0063939B /* HomeRouter.swift in Sources */ = {isa = PBXBuildFile; fileRef = 4B007A452453177C0063939B /* HomeRouter.swift */; };
		4B062B1B2455A64200BA6C32 /* UIButton+Extension.swift in Sources */ = {isa = PBXBuildFile; fileRef = 4B062B1A2455A64200BA6C32 /* UIButton+Extension.swift */; };
		4B0765182456F82C00ACDC10 /* Vine.swift in Sources */ = {isa = PBXBuildFile; fileRef = 4B0765172456F82C00ACDC10 /* Vine.swift */; };
		4B136AFB2455EC8700F803C1 /* AddView.swift in Sources */ = {isa = PBXBuildFile; fileRef = 4B136AFA2455EC8700F803C1 /* AddView.swift */; };
		4B136AFD2455EC9000F803C1 /* AddViewController.swift in Sources */ = {isa = PBXBuildFile; fileRef = 4B136AFC2455EC9000F803C1 /* AddViewController.swift */; };
		4B136B002455ED1C00F803C1 /* AddViewProtocol.swift in Sources */ = {isa = PBXBuildFile; fileRef = 4B136AFF2455ED1C00F803C1 /* AddViewProtocol.swift */; };
		4B136B022455EDE500F803C1 /* AddViewConfigurator.swift in Sources */ = {isa = PBXBuildFile; fileRef = 4B136B012455EDE500F803C1 /* AddViewConfigurator.swift */; };
		4B136B042455EF0800F803C1 /* AddBuilder.swift in Sources */ = {isa = PBXBuildFile; fileRef = 4B136B032455EF0800F803C1 /* AddBuilder.swift */; };
		4B136B062455FCDA00F803C1 /* AddViewPresenter.swift in Sources */ = {isa = PBXBuildFile; fileRef = 4B136B052455FCDA00F803C1 /* AddViewPresenter.swift */; };
		4B136B082455FDF600F803C1 /* AddViewInteractor.swift in Sources */ = {isa = PBXBuildFile; fileRef = 4B136B072455FDF600F803C1 /* AddViewInteractor.swift */; };
		4B136B0A2455FFA900F803C1 /* AddViewRouter.swift in Sources */ = {isa = PBXBuildFile; fileRef = 4B136B092455FFA800F803C1 /* AddViewRouter.swift */; };
		4B136B0C2456014A00F803C1 /* ImagePickerService.swift in Sources */ = {isa = PBXBuildFile; fileRef = 4B136B0B2456014A00F803C1 /* ImagePickerService.swift */; };
		4B280D93245791BE0082BF1E /* HomeViewCell.swift in Sources */ = {isa = PBXBuildFile; fileRef = 4B280D92245791BE0082BF1E /* HomeViewCell.swift */; };
		4B45AB3924539FF6004A6B4E /* SignUpView.swift in Sources */ = {isa = PBXBuildFile; fileRef = 4B45AB3824539FF6004A6B4E /* SignUpView.swift */; };
		4B5B84112455AF3E0003AD06 /* FirebaseSignUpService.swift in Sources */ = {isa = PBXBuildFile; fileRef = 4B5B84102455AF3E0003AD06 /* FirebaseSignUpService.swift */; };
		4B5FF74A245817F900F3986B /* DataSourceService.swift in Sources */ = {isa = PBXBuildFile; fileRef = 4B5FF749245817F900F3986B /* DataSourceService.swift */; };
		4B5FF74E24581CA500F3986B /* DataSourceServiceProtocol.swift in Sources */ = {isa = PBXBuildFile; fileRef = 4B5FF74D24581CA500F3986B /* DataSourceServiceProtocol.swift */; };
		4B84AD01244DDCA30040B4BD /* LaunchProtocol.swift in Sources */ = {isa = PBXBuildFile; fileRef = 4B84AD00244DDCA30040B4BD /* LaunchProtocol.swift */; };
		4B84AD04244DDD7F0040B4BD /* LaunchConfigurator.swift in Sources */ = {isa = PBXBuildFile; fileRef = 4B84AD03244DDD7F0040B4BD /* LaunchConfigurator.swift */; };
		4B84AD07244DDEF10040B4BD /* LaunchInteractor.swift in Sources */ = {isa = PBXBuildFile; fileRef = 4B84AD06244DDEF10040B4BD /* LaunchInteractor.swift */; };
		4B84AD09244DE1940040B4BD /* LaunchRouter.swift in Sources */ = {isa = PBXBuildFile; fileRef = 4B84AD08244DE1940040B4BD /* LaunchRouter.swift */; };
		4BA455AC244C4C0D004D7F06 /* SignInPresenter.swift in Sources */ = {isa = PBXBuildFile; fileRef = 4BA455AB244C4C0D004D7F06 /* SignInPresenter.swift */; };
		4BA455AE244C4CF9004D7F06 /* SignInViewController.swift in Sources */ = {isa = PBXBuildFile; fileRef = 4BA455AD244C4CF9004D7F06 /* SignInViewController.swift */; };
		4BA455B0244C4DAD004D7F06 /* SignInView.swift in Sources */ = {isa = PBXBuildFile; fileRef = 4BA455AF244C4DAD004D7F06 /* SignInView.swift */; };
		4BB3894C24563F240062DF5C /* RateCollectionViewCell.swift in Sources */ = {isa = PBXBuildFile; fileRef = 4BB3894B24563F240062DF5C /* RateCollectionViewCell.swift */; };
		4BCBFCB1244E31FE00BA6244 /* SignInProtocol.swift in Sources */ = {isa = PBXBuildFile; fileRef = 4BCBFCB0244E31FE00BA6244 /* SignInProtocol.swift */; };
		4BCBFCB4244E345200BA6244 /* SignInInteractor.swift in Sources */ = {isa = PBXBuildFile; fileRef = 4BCBFCB3244E345200BA6244 /* SignInInteractor.swift */; };
		4BCBFCB7244E35BD00BA6244 /* SignInConfigurator.swift in Sources */ = {isa = PBXBuildFile; fileRef = 4BCBFCB6244E35BD00BA6244 /* SignInConfigurator.swift */; };
		4BCBFCB9244E362300BA6244 /* SignInRouter.swift in Sources */ = {isa = PBXBuildFile; fileRef = 4BCBFCB8244E362300BA6244 /* SignInRouter.swift */; };
		4BCBFCBB244E39E000BA6244 /* LoginProtocol.swift in Sources */ = {isa = PBXBuildFile; fileRef = 4BCBFCBA244E39E000BA6244 /* LoginProtocol.swift */; };
		4BCBFCBE244E3B9F00BA6244 /* LoginInteractor.swift in Sources */ = {isa = PBXBuildFile; fileRef = 4BCBFCBD244E3B9F00BA6244 /* LoginInteractor.swift */; };
		4BCBFCC1244E3C7200BA6244 /* LoginRouter.swift in Sources */ = {isa = PBXBuildFile; fileRef = 4BCBFCC0244E3C7200BA6244 /* LoginRouter.swift */; };
		4BCBFCC3244E3CBB00BA6244 /* LoginConfigurator.swift in Sources */ = {isa = PBXBuildFile; fileRef = 4BCBFCC2244E3CBA00BA6244 /* LoginConfigurator.swift */; };
		4BCBFCC6244E3FCF00BA6244 /* CheckForm.swift in Sources */ = {isa = PBXBuildFile; fileRef = 4BCBFCC5244E3FCF00BA6244 /* CheckForm.swift */; };
		4BDFFBDC24519E9B007753B0 /* GoogleService-Info.plist in Resources */ = {isa = PBXBuildFile; fileRef = 4BDFFBDB24519E9B007753B0 /* GoogleService-Info.plist */; };
		4BE4BFD12459A6B40007BF57 /* CoreDataManager.swift in Sources */ = {isa = PBXBuildFile; fileRef = 4BE4BFD02459A6B40007BF57 /* CoreDataManager.swift */; };
		4BE4BFE22459AA7C0007BF57 /* VineEntity+CoreDataClass.swift in Sources */ = {isa = PBXBuildFile; fileRef = 4BE4BFE02459AA7C0007BF57 /* VineEntity+CoreDataClass.swift */; };
		4BE4BFE32459AA7C0007BF57 /* VineEntity+CoreDataProperties.swift in Sources */ = {isa = PBXBuildFile; fileRef = 4BE4BFE12459AA7C0007BF57 /* VineEntity+CoreDataProperties.swift */; };
		4BE84669245763390095ABE8 /* DataSource.swift in Sources */ = {isa = PBXBuildFile; fileRef = 4BE84668245763390095ABE8 /* DataSource.swift */; };
		4BFC5B9424538E3F003DBD57 /* FirebaseSignInService.swift in Sources */ = {isa = PBXBuildFile; fileRef = 4BFC5B9324538E3F003DBD57 /* FirebaseSignInService.swift */; };
		4BFC5B9F245393C9003DBD57 /* SignUpProtocol.swift in Sources */ = {isa = PBXBuildFile; fileRef = 4BFC5B9E245393C9003DBD57 /* SignUpProtocol.swift */; };
		4BFC5BA12453943D003DBD57 /* SignUpViewController.swift in Sources */ = {isa = PBXBuildFile; fileRef = 4BFC5BA02453943D003DBD57 /* SignUpViewController.swift */; };
		4BFC5BA32453976D003DBD57 /* SignUpInteractor.swift in Sources */ = {isa = PBXBuildFile; fileRef = 4BFC5BA22453976D003DBD57 /* SignUpInteractor.swift */; };
		4BFC5BA5245397CB003DBD57 /* SignUpPresenter.swift in Sources */ = {isa = PBXBuildFile; fileRef = 4BFC5BA4245397CB003DBD57 /* SignUpPresenter.swift */; };
		4BFC5BA724539837003DBD57 /* SignUpRouter.swift in Sources */ = {isa = PBXBuildFile; fileRef = 4BFC5BA624539837003DBD57 /* SignUpRouter.swift */; };
		4BFC5BA924539898003DBD57 /* SignUpConfigurator.swift in Sources */ = {isa = PBXBuildFile; fileRef = 4BFC5BA824539898003DBD57 /* SignUpConfigurator.swift */; };
		58DE7B38315F533116DE89D6 /* Pods_AuthorizationExampleTests.framework in Frameworks */ = {isa = PBXBuildFile; fileRef = 659E05A092CB5604A0818C7A /* Pods_AuthorizationExampleTests.framework */; };
		9202F596244B9D240024F277 /* String+Extension.swift in Sources */ = {isa = PBXBuildFile; fileRef = 9202F595244B9D240024F277 /* String+Extension.swift */; };
		92CD9D0B244ADBAB000EF227 /* AppDelegate.swift in Sources */ = {isa = PBXBuildFile; fileRef = 92CD9D0A244ADBAB000EF227 /* AppDelegate.swift */; };
		92CD9D0D244ADBAB000EF227 /* SceneDelegate.swift in Sources */ = {isa = PBXBuildFile; fileRef = 92CD9D0C244ADBAB000EF227 /* SceneDelegate.swift */; };
		92CD9D15244ADBAB000EF227 /* AuthorizationExample.xcdatamodeld in Sources */ = {isa = PBXBuildFile; fileRef = 92CD9D13244ADBAB000EF227 /* AuthorizationExample.xcdatamodeld */; };
		92CD9D17244ADBAC000EF227 /* Assets.xcassets in Resources */ = {isa = PBXBuildFile; fileRef = 92CD9D16244ADBAC000EF227 /* Assets.xcassets */; };
		92CD9D1A244ADBAC000EF227 /* LaunchScreen.storyboard in Resources */ = {isa = PBXBuildFile; fileRef = 92CD9D18244ADBAC000EF227 /* LaunchScreen.storyboard */; };
		92CD9D25244ADBAC000EF227 /* AuthorizationExampleTests.swift in Sources */ = {isa = PBXBuildFile; fileRef = 92CD9D24244ADBAC000EF227 /* AuthorizationExampleTests.swift */; };
		92CD9D39244ADDDD000EF227 /* LaunchScreenPresenter.swift in Sources */ = {isa = PBXBuildFile; fileRef = 92CD9D38244ADDDD000EF227 /* LaunchScreenPresenter.swift */; };
		92CD9D3C244ADE3F000EF227 /* NavigationProtocol.swift in Sources */ = {isa = PBXBuildFile; fileRef = 92CD9D3B244ADE3F000EF227 /* NavigationProtocol.swift */; };
		92CD9D3E244ADF87000EF227 /* LaunchViewController.swift in Sources */ = {isa = PBXBuildFile; fileRef = 92CD9D3D244ADF87000EF227 /* LaunchViewController.swift */; };
		92CD9D41244AE0AC000EF227 /* UIView+Extension.swift in Sources */ = {isa = PBXBuildFile; fileRef = 92CD9D40244AE0AC000EF227 /* UIView+Extension.swift */; };
		92CD9D43244AE18A000EF227 /* LaunchView.swift in Sources */ = {isa = PBXBuildFile; fileRef = 92CD9D42244AE18A000EF227 /* LaunchView.swift */; };
		92CD9D45244AE2DF000EF227 /* UIColor+Extension.swift in Sources */ = {isa = PBXBuildFile; fileRef = 92CD9D44244AE2DF000EF227 /* UIColor+Extension.swift */; };
		92CD9D47244AE345000EF227 /* UITextField+Extension.swift in Sources */ = {isa = PBXBuildFile; fileRef = 92CD9D46244AE345000EF227 /* UITextField+Extension.swift */; };
		92F0208B244AE75400B1D6AC /* UIFont+Extension.swift in Sources */ = {isa = PBXBuildFile; fileRef = 92F0208A244AE75400B1D6AC /* UIFont+Extension.swift */; };
		92F0208E244AE97700B1D6AC /* Builder.swift in Sources */ = {isa = PBXBuildFile; fileRef = 92F0208D244AE97700B1D6AC /* Builder.swift */; };
		92F02091244AE9F500B1D6AC /* LaunchBuilder.swift in Sources */ = {isa = PBXBuildFile; fileRef = 92F02090244AE9F500B1D6AC /* LaunchBuilder.swift */; };
		92F02096244AF6BA00B1D6AC /* LoginViewController.swift in Sources */ = {isa = PBXBuildFile; fileRef = 92F02095244AF6BA00B1D6AC /* LoginViewController.swift */; };
		92F02098244AF74300B1D6AC /* LoginView.swift in Sources */ = {isa = PBXBuildFile; fileRef = 92F02097244AF74300B1D6AC /* LoginView.swift */; };
		92F0209A244AF91900B1D6AC /* LoginPresenter.swift in Sources */ = {isa = PBXBuildFile; fileRef = 92F02099244AF91900B1D6AC /* LoginPresenter.swift */; };
		92F0209C244AF9F700B1D6AC /* LoginBuilder.swift in Sources */ = {isa = PBXBuildFile; fileRef = 92F0209B244AF9F700B1D6AC /* LoginBuilder.swift */; };
		DD6B234D22AE9F54408AA2D8 /* Pods_AuthorizationExample.framework in Frameworks */ = {isa = PBXBuildFile; fileRef = 683C0A7093DD07EB7598B4CA /* Pods_AuthorizationExample.framework */; };
/* End PBXBuildFile section */

/* Begin PBXContainerItemProxy section */
		92CD9D21244ADBAC000EF227 /* PBXContainerItemProxy */ = {
			isa = PBXContainerItemProxy;
			containerPortal = 92CD9CFF244ADBAB000EF227 /* Project object */;
			proxyType = 1;
			remoteGlobalIDString = 92CD9D06244ADBAB000EF227;
			remoteInfo = AuthorizationExample;
		};
/* End PBXContainerItemProxy section */

/* Begin PBXFileReference section */
		0B65C72F62C374DB5852B716 /* Pods-AuthorizationExample.debug.xcconfig */ = {isa = PBXFileReference; includeInIndex = 1; lastKnownFileType = text.xcconfig; name = "Pods-AuthorizationExample.debug.xcconfig"; path = "Target Support Files/Pods-AuthorizationExample/Pods-AuthorizationExample.debug.xcconfig"; sourceTree = "<group>"; };
		2CBC98F6E68039E085175EB7 /* Pods-AuthorizationExampleTests.release.xcconfig */ = {isa = PBXFileReference; includeInIndex = 1; lastKnownFileType = text.xcconfig; name = "Pods-AuthorizationExampleTests.release.xcconfig"; path = "Target Support Files/Pods-AuthorizationExampleTests/Pods-AuthorizationExampleTests.release.xcconfig"; sourceTree = "<group>"; };
		4B007A2D2452FC660063939B /* GoogleSignInService.swift */ = {isa = PBXFileReference; lastKnownFileType = sourcecode.swift; path = GoogleSignInService.swift; sourceTree = "<group>"; };
		4B007A3724530F6A0063939B /* HomeViewController.swift */ = {isa = PBXFileReference; lastKnownFileType = sourcecode.swift; path = HomeViewController.swift; sourceTree = "<group>"; };
		4B007A3924530FC70063939B /* HomeView.swift */ = {isa = PBXFileReference; lastKnownFileType = sourcecode.swift; path = HomeView.swift; sourceTree = "<group>"; };
		4B007A3B245310EA0063939B /* HomeBuilder.swift */ = {isa = PBXFileReference; lastKnownFileType = sourcecode.swift; path = HomeBuilder.swift; sourceTree = "<group>"; };
		4B007A3D245312BD0063939B /* HomeProtocol.swift */ = {isa = PBXFileReference; lastKnownFileType = sourcecode.swift; path = HomeProtocol.swift; sourceTree = "<group>"; };
		4B007A3F245314CC0063939B /* HomeConfigurator.swift */ = {isa = PBXFileReference; lastKnownFileType = sourcecode.swift; path = HomeConfigurator.swift; sourceTree = "<group>"; };
		4B007A412453151F0063939B /* HomeInteractor.swift */ = {isa = PBXFileReference; lastKnownFileType = sourcecode.swift; path = HomeInteractor.swift; sourceTree = "<group>"; };
		4B007A432453152B0063939B /* HomePresenter.swift */ = {isa = PBXFileReference; lastKnownFileType = sourcecode.swift; path = HomePresenter.swift; sourceTree = "<group>"; };
		4B007A452453177C0063939B /* HomeRouter.swift */ = {isa = PBXFileReference; lastKnownFileType = sourcecode.swift; path = HomeRouter.swift; sourceTree = "<group>"; };
		4B062B1A2455A64200BA6C32 /* UIButton+Extension.swift */ = {isa = PBXFileReference; lastKnownFileType = sourcecode.swift; path = "UIButton+Extension.swift"; sourceTree = "<group>"; };
		4B0765172456F82C00ACDC10 /* Vine.swift */ = {isa = PBXFileReference; lastKnownFileType = sourcecode.swift; path = Vine.swift; sourceTree = "<group>"; };
		4B136AFA2455EC8700F803C1 /* AddView.swift */ = {isa = PBXFileReference; lastKnownFileType = sourcecode.swift; path = AddView.swift; sourceTree = "<group>"; };
		4B136AFC2455EC9000F803C1 /* AddViewController.swift */ = {isa = PBXFileReference; lastKnownFileType = sourcecode.swift; path = AddViewController.swift; sourceTree = "<group>"; };
		4B136AFF2455ED1C00F803C1 /* AddViewProtocol.swift */ = {isa = PBXFileReference; lastKnownFileType = sourcecode.swift; path = AddViewProtocol.swift; sourceTree = "<group>"; };
		4B136B012455EDE500F803C1 /* AddViewConfigurator.swift */ = {isa = PBXFileReference; lastKnownFileType = sourcecode.swift; path = AddViewConfigurator.swift; sourceTree = "<group>"; };
		4B136B032455EF0800F803C1 /* AddBuilder.swift */ = {isa = PBXFileReference; lastKnownFileType = sourcecode.swift; path = AddBuilder.swift; sourceTree = "<group>"; };
		4B136B052455FCDA00F803C1 /* AddViewPresenter.swift */ = {isa = PBXFileReference; lastKnownFileType = sourcecode.swift; path = AddViewPresenter.swift; sourceTree = "<group>"; };
		4B136B072455FDF600F803C1 /* AddViewInteractor.swift */ = {isa = PBXFileReference; lastKnownFileType = sourcecode.swift; path = AddViewInteractor.swift; sourceTree = "<group>"; };
		4B136B092455FFA800F803C1 /* AddViewRouter.swift */ = {isa = PBXFileReference; lastKnownFileType = sourcecode.swift; path = AddViewRouter.swift; sourceTree = "<group>"; };
		4B136B0B2456014A00F803C1 /* ImagePickerService.swift */ = {isa = PBXFileReference; lastKnownFileType = sourcecode.swift; path = ImagePickerService.swift; sourceTree = "<group>"; };
		4B280D92245791BE0082BF1E /* HomeViewCell.swift */ = {isa = PBXFileReference; fileEncoding = 4; lastKnownFileType = sourcecode.swift; path = HomeViewCell.swift; sourceTree = "<group>"; };
		4B45AB3824539FF6004A6B4E /* SignUpView.swift */ = {isa = PBXFileReference; lastKnownFileType = sourcecode.swift; path = SignUpView.swift; sourceTree = "<group>"; };
		4B5B84102455AF3E0003AD06 /* FirebaseSignUpService.swift */ = {isa = PBXFileReference; lastKnownFileType = sourcecode.swift; path = FirebaseSignUpService.swift; sourceTree = "<group>"; };
		4B5FF749245817F900F3986B /* DataSourceService.swift */ = {isa = PBXFileReference; lastKnownFileType = sourcecode.swift; path = DataSourceService.swift; sourceTree = "<group>"; };
		4B5FF74D24581CA500F3986B /* DataSourceServiceProtocol.swift */ = {isa = PBXFileReference; lastKnownFileType = sourcecode.swift; name = DataSourceServiceProtocol.swift; path = ../../../../../../DataSourceServiceProtocol.swift; sourceTree = "<group>"; };
		4B84AD00244DDCA30040B4BD /* LaunchProtocol.swift */ = {isa = PBXFileReference; lastKnownFileType = sourcecode.swift; path = LaunchProtocol.swift; sourceTree = "<group>"; };
		4B84AD03244DDD7F0040B4BD /* LaunchConfigurator.swift */ = {isa = PBXFileReference; lastKnownFileType = sourcecode.swift; path = LaunchConfigurator.swift; sourceTree = "<group>"; };
		4B84AD06244DDEF10040B4BD /* LaunchInteractor.swift */ = {isa = PBXFileReference; lastKnownFileType = sourcecode.swift; path = LaunchInteractor.swift; sourceTree = "<group>"; };
		4B84AD08244DE1940040B4BD /* LaunchRouter.swift */ = {isa = PBXFileReference; lastKnownFileType = sourcecode.swift; path = LaunchRouter.swift; sourceTree = "<group>"; };
		4BA455AB244C4C0D004D7F06 /* SignInPresenter.swift */ = {isa = PBXFileReference; lastKnownFileType = sourcecode.swift; path = SignInPresenter.swift; sourceTree = "<group>"; };
		4BA455AD244C4CF9004D7F06 /* SignInViewController.swift */ = {isa = PBXFileReference; lastKnownFileType = sourcecode.swift; path = SignInViewController.swift; sourceTree = "<group>"; };
		4BA455AF244C4DAD004D7F06 /* SignInView.swift */ = {isa = PBXFileReference; lastKnownFileType = sourcecode.swift; path = SignInView.swift; sourceTree = "<group>"; };
		4BB3894B24563F240062DF5C /* RateCollectionViewCell.swift */ = {isa = PBXFileReference; lastKnownFileType = sourcecode.swift; path = RateCollectionViewCell.swift; sourceTree = "<group>"; };
		4BCBFCB0244E31FE00BA6244 /* SignInProtocol.swift */ = {isa = PBXFileReference; lastKnownFileType = sourcecode.swift; path = SignInProtocol.swift; sourceTree = "<group>"; };
		4BCBFCB3244E345200BA6244 /* SignInInteractor.swift */ = {isa = PBXFileReference; lastKnownFileType = sourcecode.swift; path = SignInInteractor.swift; sourceTree = "<group>"; };
		4BCBFCB6244E35BD00BA6244 /* SignInConfigurator.swift */ = {isa = PBXFileReference; lastKnownFileType = sourcecode.swift; path = SignInConfigurator.swift; sourceTree = "<group>"; };
		4BCBFCB8244E362300BA6244 /* SignInRouter.swift */ = {isa = PBXFileReference; lastKnownFileType = sourcecode.swift; path = SignInRouter.swift; sourceTree = "<group>"; };
		4BCBFCBA244E39E000BA6244 /* LoginProtocol.swift */ = {isa = PBXFileReference; lastKnownFileType = sourcecode.swift; path = LoginProtocol.swift; sourceTree = "<group>"; };
		4BCBFCBD244E3B9F00BA6244 /* LoginInteractor.swift */ = {isa = PBXFileReference; lastKnownFileType = sourcecode.swift; path = LoginInteractor.swift; sourceTree = "<group>"; };
		4BCBFCC0244E3C7200BA6244 /* LoginRouter.swift */ = {isa = PBXFileReference; lastKnownFileType = sourcecode.swift; path = LoginRouter.swift; sourceTree = "<group>"; };
		4BCBFCC2244E3CBA00BA6244 /* LoginConfigurator.swift */ = {isa = PBXFileReference; lastKnownFileType = sourcecode.swift; path = LoginConfigurator.swift; sourceTree = "<group>"; };
		4BCBFCC5244E3FCF00BA6244 /* CheckForm.swift */ = {isa = PBXFileReference; lastKnownFileType = sourcecode.swift; path = CheckForm.swift; sourceTree = "<group>"; };
		4BDFFBDB24519E9B007753B0 /* GoogleService-Info.plist */ = {isa = PBXFileReference; fileEncoding = 4; lastKnownFileType = text.plist.xml; path = "GoogleService-Info.plist"; sourceTree = "<group>"; };
		4BE4BFD02459A6B40007BF57 /* CoreDataManager.swift */ = {isa = PBXFileReference; lastKnownFileType = sourcecode.swift; path = CoreDataManager.swift; sourceTree = "<group>"; };
		4BE4BFE02459AA7C0007BF57 /* VineEntity+CoreDataClass.swift */ = {isa = PBXFileReference; lastKnownFileType = sourcecode.swift; path = "VineEntity+CoreDataClass.swift"; sourceTree = SOURCE_ROOT; };
		4BE4BFE12459AA7C0007BF57 /* VineEntity+CoreDataProperties.swift */ = {isa = PBXFileReference; lastKnownFileType = sourcecode.swift; path = "VineEntity+CoreDataProperties.swift"; sourceTree = SOURCE_ROOT; };
		4BE84668245763390095ABE8 /* DataSource.swift */ = {isa = PBXFileReference; lastKnownFileType = sourcecode.swift; path = DataSource.swift; sourceTree = "<group>"; };
		4BFC5B9324538E3F003DBD57 /* FirebaseSignInService.swift */ = {isa = PBXFileReference; lastKnownFileType = sourcecode.swift; path = FirebaseSignInService.swift; sourceTree = "<group>"; };
		4BFC5B9E245393C9003DBD57 /* SignUpProtocol.swift */ = {isa = PBXFileReference; lastKnownFileType = sourcecode.swift; path = SignUpProtocol.swift; sourceTree = "<group>"; };
		4BFC5BA02453943D003DBD57 /* SignUpViewController.swift */ = {isa = PBXFileReference; lastKnownFileType = sourcecode.swift; path = SignUpViewController.swift; sourceTree = "<group>"; };
		4BFC5BA22453976D003DBD57 /* SignUpInteractor.swift */ = {isa = PBXFileReference; lastKnownFileType = sourcecode.swift; path = SignUpInteractor.swift; sourceTree = "<group>"; };
		4BFC5BA4245397CB003DBD57 /* SignUpPresenter.swift */ = {isa = PBXFileReference; lastKnownFileType = sourcecode.swift; path = SignUpPresenter.swift; sourceTree = "<group>"; };
		4BFC5BA624539837003DBD57 /* SignUpRouter.swift */ = {isa = PBXFileReference; lastKnownFileType = sourcecode.swift; path = SignUpRouter.swift; sourceTree = "<group>"; };
		4BFC5BA824539898003DBD57 /* SignUpConfigurator.swift */ = {isa = PBXFileReference; lastKnownFileType = sourcecode.swift; path = SignUpConfigurator.swift; sourceTree = "<group>"; };
		659E05A092CB5604A0818C7A /* Pods_AuthorizationExampleTests.framework */ = {isa = PBXFileReference; explicitFileType = wrapper.framework; includeInIndex = 0; path = Pods_AuthorizationExampleTests.framework; sourceTree = BUILT_PRODUCTS_DIR; };
		683C0A7093DD07EB7598B4CA /* Pods_AuthorizationExample.framework */ = {isa = PBXFileReference; explicitFileType = wrapper.framework; includeInIndex = 0; path = Pods_AuthorizationExample.framework; sourceTree = BUILT_PRODUCTS_DIR; };
		6CF38324A2A703BC5C98667B /* Pods-AuthorizationExample.release.xcconfig */ = {isa = PBXFileReference; includeInIndex = 1; lastKnownFileType = text.xcconfig; name = "Pods-AuthorizationExample.release.xcconfig"; path = "Target Support Files/Pods-AuthorizationExample/Pods-AuthorizationExample.release.xcconfig"; sourceTree = "<group>"; };
		9202F595244B9D240024F277 /* String+Extension.swift */ = {isa = PBXFileReference; lastKnownFileType = sourcecode.swift; path = "String+Extension.swift"; sourceTree = "<group>"; };
		92CD9D07244ADBAB000EF227 /* AuthorizationExample.app */ = {isa = PBXFileReference; explicitFileType = wrapper.application; includeInIndex = 0; path = AuthorizationExample.app; sourceTree = BUILT_PRODUCTS_DIR; };
		92CD9D0A244ADBAB000EF227 /* AppDelegate.swift */ = {isa = PBXFileReference; lastKnownFileType = sourcecode.swift; path = AppDelegate.swift; sourceTree = "<group>"; };
		92CD9D0C244ADBAB000EF227 /* SceneDelegate.swift */ = {isa = PBXFileReference; lastKnownFileType = sourcecode.swift; path = SceneDelegate.swift; sourceTree = "<group>"; };
		92CD9D14244ADBAB000EF227 /* AuthorizationExample.xcdatamodel */ = {isa = PBXFileReference; lastKnownFileType = wrapper.xcdatamodel; path = AuthorizationExample.xcdatamodel; sourceTree = "<group>"; };
		92CD9D16244ADBAC000EF227 /* Assets.xcassets */ = {isa = PBXFileReference; lastKnownFileType = folder.assetcatalog; path = Assets.xcassets; sourceTree = "<group>"; };
		92CD9D19244ADBAC000EF227 /* Base */ = {isa = PBXFileReference; lastKnownFileType = file.storyboard; name = Base; path = Base.lproj/LaunchScreen.storyboard; sourceTree = "<group>"; };
		92CD9D1B244ADBAC000EF227 /* Info.plist */ = {isa = PBXFileReference; lastKnownFileType = text.plist.xml; path = Info.plist; sourceTree = "<group>"; };
		92CD9D20244ADBAC000EF227 /* AuthorizationExampleTests.xctest */ = {isa = PBXFileReference; explicitFileType = wrapper.cfbundle; includeInIndex = 0; path = AuthorizationExampleTests.xctest; sourceTree = BUILT_PRODUCTS_DIR; };
		92CD9D24244ADBAC000EF227 /* AuthorizationExampleTests.swift */ = {isa = PBXFileReference; lastKnownFileType = sourcecode.swift; path = AuthorizationExampleTests.swift; sourceTree = "<group>"; };
		92CD9D26244ADBAC000EF227 /* Info.plist */ = {isa = PBXFileReference; lastKnownFileType = text.plist.xml; path = Info.plist; sourceTree = "<group>"; };
		92CD9D38244ADDDD000EF227 /* LaunchScreenPresenter.swift */ = {isa = PBXFileReference; lastKnownFileType = sourcecode.swift; path = LaunchScreenPresenter.swift; sourceTree = "<group>"; };
		92CD9D3B244ADE3F000EF227 /* NavigationProtocol.swift */ = {isa = PBXFileReference; lastKnownFileType = sourcecode.swift; path = NavigationProtocol.swift; sourceTree = "<group>"; };
		92CD9D3D244ADF87000EF227 /* LaunchViewController.swift */ = {isa = PBXFileReference; lastKnownFileType = sourcecode.swift; path = LaunchViewController.swift; sourceTree = "<group>"; };
		92CD9D40244AE0AC000EF227 /* UIView+Extension.swift */ = {isa = PBXFileReference; lastKnownFileType = sourcecode.swift; path = "UIView+Extension.swift"; sourceTree = "<group>"; };
		92CD9D42244AE18A000EF227 /* LaunchView.swift */ = {isa = PBXFileReference; lastKnownFileType = sourcecode.swift; path = LaunchView.swift; sourceTree = "<group>"; };
		92CD9D44244AE2DF000EF227 /* UIColor+Extension.swift */ = {isa = PBXFileReference; lastKnownFileType = sourcecode.swift; path = "UIColor+Extension.swift"; sourceTree = "<group>"; };
		92CD9D46244AE345000EF227 /* UITextField+Extension.swift */ = {isa = PBXFileReference; fileEncoding = 4; lastKnownFileType = sourcecode.swift; path = "UITextField+Extension.swift"; sourceTree = "<group>"; };
		92F0208A244AE75400B1D6AC /* UIFont+Extension.swift */ = {isa = PBXFileReference; lastKnownFileType = sourcecode.swift; path = "UIFont+Extension.swift"; sourceTree = "<group>"; };
		92F0208D244AE97700B1D6AC /* Builder.swift */ = {isa = PBXFileReference; lastKnownFileType = sourcecode.swift; path = Builder.swift; sourceTree = "<group>"; };
		92F02090244AE9F500B1D6AC /* LaunchBuilder.swift */ = {isa = PBXFileReference; lastKnownFileType = sourcecode.swift; path = LaunchBuilder.swift; sourceTree = "<group>"; };
		92F02095244AF6BA00B1D6AC /* LoginViewController.swift */ = {isa = PBXFileReference; lastKnownFileType = sourcecode.swift; path = LoginViewController.swift; sourceTree = "<group>"; };
		92F02097244AF74300B1D6AC /* LoginView.swift */ = {isa = PBXFileReference; lastKnownFileType = sourcecode.swift; path = LoginView.swift; sourceTree = "<group>"; };
		92F02099244AF91900B1D6AC /* LoginPresenter.swift */ = {isa = PBXFileReference; lastKnownFileType = sourcecode.swift; path = LoginPresenter.swift; sourceTree = "<group>"; };
		92F0209B244AF9F700B1D6AC /* LoginBuilder.swift */ = {isa = PBXFileReference; lastKnownFileType = sourcecode.swift; path = LoginBuilder.swift; sourceTree = "<group>"; };
		F3045DA5B21C2D73AEE9BA10 /* Pods-AuthorizationExampleTests.debug.xcconfig */ = {isa = PBXFileReference; includeInIndex = 1; lastKnownFileType = text.xcconfig; name = "Pods-AuthorizationExampleTests.debug.xcconfig"; path = "Target Support Files/Pods-AuthorizationExampleTests/Pods-AuthorizationExampleTests.debug.xcconfig"; sourceTree = "<group>"; };
/* End PBXFileReference section */

/* Begin PBXFrameworksBuildPhase section */
		92CD9D04244ADBAB000EF227 /* Frameworks */ = {
			isa = PBXFrameworksBuildPhase;
			buildActionMask = 2147483647;
			files = (
				DD6B234D22AE9F54408AA2D8 /* Pods_AuthorizationExample.framework in Frameworks */,
			);
			runOnlyForDeploymentPostprocessing = 0;
		};
		92CD9D1D244ADBAC000EF227 /* Frameworks */ = {
			isa = PBXFrameworksBuildPhase;
			buildActionMask = 2147483647;
			files = (
				58DE7B38315F533116DE89D6 /* Pods_AuthorizationExampleTests.framework in Frameworks */,
			);
			runOnlyForDeploymentPostprocessing = 0;
		};
/* End PBXFrameworksBuildPhase section */

/* Begin PBXGroup section */
		078DE2667CF62E13C7A2242E /* Frameworks */ = {
			isa = PBXGroup;
			children = (
				683C0A7093DD07EB7598B4CA /* Pods_AuthorizationExample.framework */,
				659E05A092CB5604A0818C7A /* Pods_AuthorizationExampleTests.framework */,
			);
			name = Frameworks;
			sourceTree = "<group>";
		};
		4B007A3224530F210063939B /* Home */ = {
			isa = PBXGroup;
			children = (
				4BFC5BAA24539C06003DBD57 /* Protocol */,
				4B007A3624530F410063939B /* View */,
				4B007A3524530F3B0063939B /* Interactor */,
				4B007A3424530F360063939B /* Presenter */,
				4BE84667245763210095ABE8 /* Entity */,
				4B007A3324530F2E0063939B /* Router */,
			);
			path = Home;
			sourceTree = "<group>";
		};
		4B007A3324530F2E0063939B /* Router */ = {
			isa = PBXGroup;
			children = (
				4B007A3F245314CC0063939B /* HomeConfigurator.swift */,
				4B007A452453177C0063939B /* HomeRouter.swift */,
			);
			path = Router;
			sourceTree = "<group>";
		};
		4B007A3424530F360063939B /* Presenter */ = {
			isa = PBXGroup;
			children = (
				4B007A432453152B0063939B /* HomePresenter.swift */,
			);
			path = Presenter;
			sourceTree = "<group>";
		};
		4B007A3524530F3B0063939B /* Interactor */ = {
			isa = PBXGroup;
			children = (
				4B007A412453151F0063939B /* HomeInteractor.swift */,
			);
			path = Interactor;
			sourceTree = "<group>";
		};
		4B007A3624530F410063939B /* View */ = {
			isa = PBXGroup;
			children = (
				4B007A3924530FC70063939B /* HomeView.swift */,
				4B280D92245791BE0082BF1E /* HomeViewCell.swift */,
				4B007A3724530F6A0063939B /* HomeViewController.swift */,
			);
			path = View;
			sourceTree = "<group>";
		};
		4B136AF42455EC5400F803C1 /* Add */ = {
			isa = PBXGroup;
			children = (
				4B136AFE2455ECF500F803C1 /* Protocol */,
				4B136AF92455EC7F00F803C1 /* View */,
				4B136AF82455EC7900F803C1 /* Interactor */,
				4B136AF72455EC6D00F803C1 /* Presenter */,
				4B136AF52455EC5F00F803C1 /* Router */,
			);
			path = Add;
			sourceTree = "<group>";
		};
		4B136AF52455EC5F00F803C1 /* Router */ = {
			isa = PBXGroup;
			children = (
				4B136B012455EDE500F803C1 /* AddViewConfigurator.swift */,
				4B136B092455FFA800F803C1 /* AddViewRouter.swift */,
			);
			path = Router;
			sourceTree = "<group>";
		};
		4B136AF72455EC6D00F803C1 /* Presenter */ = {
			isa = PBXGroup;
			children = (
				4B136B052455FCDA00F803C1 /* AddViewPresenter.swift */,
			);
			path = Presenter;
			sourceTree = "<group>";
		};
		4B136AF82455EC7900F803C1 /* Interactor */ = {
			isa = PBXGroup;
			children = (
				4B136B0D24560B4000F803C1 /* Service */,
				4B136B072455FDF600F803C1 /* AddViewInteractor.swift */,
			);
			path = Interactor;
			sourceTree = "<group>";
		};
		4B136AF92455EC7F00F803C1 /* View */ = {
			isa = PBXGroup;
			children = (
				4B136AFA2455EC8700F803C1 /* AddView.swift */,
				4BB3894B24563F240062DF5C /* RateCollectionViewCell.swift */,
				4B136AFC2455EC9000F803C1 /* AddViewController.swift */,
			);
			path = View;
			sourceTree = "<group>";
		};
		4B136AFE2455ECF500F803C1 /* Protocol */ = {
			isa = PBXGroup;
			children = (
				4B136AFF2455ED1C00F803C1 /* AddViewProtocol.swift */,
			);
			path = Protocol;
			sourceTree = "<group>";
		};
		4B136B0D24560B4000F803C1 /* Service */ = {
			isa = PBXGroup;
			children = (
				4B136B0B2456014A00F803C1 /* ImagePickerService.swift */,
			);
			path = Service;
			sourceTree = "<group>";
		};
		4B5B84132455B50C0003AD06 /* Protocol */ = {
			isa = PBXGroup;
			children = (
				4B84AD00244DDCA30040B4BD /* LaunchProtocol.swift */,
			);
			path = Protocol;
			sourceTree = "<group>";
		};
		4B5FF74B24581BC600F3986B /* Home */ = {
			isa = PBXGroup;
			children = (
				4B5FF74C24581C8800F3986B /* DataSourceService */,
				4B007A3224530F210063939B /* Home */,
				4B136AF42455EC5400F803C1 /* Add */,
			);
			path = Home;
			sourceTree = "<group>";
		};
		4B5FF74C24581C8800F3986B /* DataSourceService */ = {
			isa = PBXGroup;
			children = (
				4B5FF749245817F900F3986B /* DataSourceService.swift */,
				4B5FF74D24581CA500F3986B /* DataSourceServiceProtocol.swift */,
			);
			path = DataSourceService;
			sourceTree = "<group>";
		};
		4B84AD02244DDD710040B4BD /* Router */ = {
			isa = PBXGroup;
			children = (
				4B84AD03244DDD7F0040B4BD /* LaunchConfigurator.swift */,
				4B84AD08244DE1940040B4BD /* LaunchRouter.swift */,
			);
			path = Router;
			sourceTree = "<group>";
		};
		4B84AD05244DDEDC0040B4BD /* Interactor */ = {
			isa = PBXGroup;
			children = (
				4B84AD06244DDEF10040B4BD /* LaunchInteractor.swift */,
			);
			path = Interactor;
			sourceTree = "<group>";
		};
		4BA455A8244C4BD9004D7F06 /* Sign in */ = {
			isa = PBXGroup;
			children = (
				4BFC5B9C245393A3003DBD57 /* Protocol */,
				4BA455AA244C4BF8004D7F06 /* View */,
				4BCBFCB2244E343A00BA6244 /* Interactor */,
				4BA455A9244C4BF3004D7F06 /* Presenter */,
				4BCBFCB5244E35A600BA6244 /* Router */,
			);
			path = "Sign in";
			sourceTree = "<group>";
		};
		4BA455A9244C4BF3004D7F06 /* Presenter */ = {
			isa = PBXGroup;
			children = (
				4BA455AB244C4C0D004D7F06 /* SignInPresenter.swift */,
			);
			path = Presenter;
			sourceTree = "<group>";
		};
		4BA455AA244C4BF8004D7F06 /* View */ = {
			isa = PBXGroup;
			children = (
				4BA455AF244C4DAD004D7F06 /* SignInView.swift */,
				4BA455AD244C4CF9004D7F06 /* SignInViewController.swift */,
			);
			path = View;
			sourceTree = "<group>";
		};
		4BCBFCB2244E343A00BA6244 /* Interactor */ = {
			isa = PBXGroup;
			children = (
				4BCBFCB3244E345200BA6244 /* SignInInteractor.swift */,
				4B007A2D2452FC660063939B /* GoogleSignInService.swift */,
			);
			path = Interactor;
			sourceTree = "<group>";
		};
		4BCBFCB5244E35A600BA6244 /* Router */ = {
			isa = PBXGroup;
			children = (
				4BCBFCB6244E35BD00BA6244 /* SignInConfigurator.swift */,
				4BCBFCB8244E362300BA6244 /* SignInRouter.swift */,
			);
			path = Router;
			sourceTree = "<group>";
		};
		4BCBFCBC244E3B8700BA6244 /* Interactor */ = {
			isa = PBXGroup;
			children = (
				4BCBFCBD244E3B9F00BA6244 /* LoginInteractor.swift */,
				4BFC5B9324538E3F003DBD57 /* FirebaseSignInService.swift */,
			);
			path = Interactor;
			sourceTree = "<group>";
		};
		4BCBFCBF244E3C6300BA6244 /* Router */ = {
			isa = PBXGroup;
			children = (
				4BCBFCC0244E3C7200BA6244 /* LoginRouter.swift */,
				4BCBFCC2244E3CBA00BA6244 /* LoginConfigurator.swift */,
			);
			path = Router;
			sourceTree = "<group>";
		};
		4BCBFCC4244E3FB000BA6244 /* Entity */ = {
			isa = PBXGroup;
			children = (
				4BCBFCC5244E3FCF00BA6244 /* CheckForm.swift */,
			);
			path = Entity;
			sourceTree = "<group>";
		};
		4BE4BFDF2459AA5A0007BF57 /* Properties */ = {
			isa = PBXGroup;
			children = (
				4BE4BFE02459AA7C0007BF57 /* VineEntity+CoreDataClass.swift */,
				4BE4BFE12459AA7C0007BF57 /* VineEntity+CoreDataProperties.swift */,
			);
			path = Properties;
			sourceTree = "<group>";
		};
		4BE84667245763210095ABE8 /* Entity */ = {
			isa = PBXGroup;
			children = (
				4BE84668245763390095ABE8 /* DataSource.swift */,
				4B0765172456F82C00ACDC10 /* Vine.swift */,
			);
			path = Entity;
			sourceTree = "<group>";
		};
		4BF434FC5844E834688F572E /* Pods */ = {
			isa = PBXGroup;
			children = (
				0B65C72F62C374DB5852B716 /* Pods-AuthorizationExample.debug.xcconfig */,
				6CF38324A2A703BC5C98667B /* Pods-AuthorizationExample.release.xcconfig */,
				F3045DA5B21C2D73AEE9BA10 /* Pods-AuthorizationExampleTests.debug.xcconfig */,
				2CBC98F6E68039E085175EB7 /* Pods-AuthorizationExampleTests.release.xcconfig */,
			);
			path = Pods;
			sourceTree = "<group>";
		};
		4BFC5B9524539348003DBD57 /* Sign up */ = {
			isa = PBXGroup;
			children = (
				4BFC5B9B24539398003DBD57 /* Protocol */,
				4BFC5B9A2453938E003DBD57 /* View */,
				4BFC5B9924539387003DBD57 /* Interactor */,
				4BFC5B982453937F003DBD57 /* Presenter */,
				4BFC5B972453937A003DBD57 /* Router */,
			);
			path = "Sign up";
			sourceTree = "<group>";
		};
		4BFC5B9624539368003DBD57 /* Log In */ = {
			isa = PBXGroup;
			children = (
				4BA455A8244C4BD9004D7F06 /* Sign in */,
				4BFC5B9524539348003DBD57 /* Sign up */,
				92F02092244AF66600B1D6AC /* Login */,
			);
			path = "Log In";
			sourceTree = "<group>";
		};
		4BFC5B972453937A003DBD57 /* Router */ = {
			isa = PBXGroup;
			children = (
				4BFC5BA624539837003DBD57 /* SignUpRouter.swift */,
				4BFC5BA824539898003DBD57 /* SignUpConfigurator.swift */,
			);
			path = Router;
			sourceTree = "<group>";
		};
		4BFC5B982453937F003DBD57 /* Presenter */ = {
			isa = PBXGroup;
			children = (
				4BFC5BA4245397CB003DBD57 /* SignUpPresenter.swift */,
			);
			path = Presenter;
			sourceTree = "<group>";
		};
		4BFC5B9924539387003DBD57 /* Interactor */ = {
			isa = PBXGroup;
			children = (
				4BFC5BA22453976D003DBD57 /* SignUpInteractor.swift */,
				4B5B84102455AF3E0003AD06 /* FirebaseSignUpService.swift */,
			);
			path = Interactor;
			sourceTree = "<group>";
		};
		4BFC5B9A2453938E003DBD57 /* View */ = {
			isa = PBXGroup;
			children = (
				4B45AB3824539FF6004A6B4E /* SignUpView.swift */,
				4BFC5BA02453943D003DBD57 /* SignUpViewController.swift */,
			);
			path = View;
			sourceTree = "<group>";
		};
		4BFC5B9B24539398003DBD57 /* Protocol */ = {
			isa = PBXGroup;
			children = (
				4BFC5B9E245393C9003DBD57 /* SignUpProtocol.swift */,
			);
			path = Protocol;
			sourceTree = "<group>";
		};
		4BFC5B9C245393A3003DBD57 /* Protocol */ = {
			isa = PBXGroup;
			children = (
				4BCBFCB0244E31FE00BA6244 /* SignInProtocol.swift */,
			);
			path = Protocol;
			sourceTree = "<group>";
		};
		4BFC5B9D245393B0003DBD57 /* Protocol */ = {
			isa = PBXGroup;
			children = (
				4BCBFCBA244E39E000BA6244 /* LoginProtocol.swift */,
			);
			path = Protocol;
			sourceTree = "<group>";
		};
		4BFC5BAA24539C06003DBD57 /* Protocol */ = {
			isa = PBXGroup;
			children = (
				4B007A3D245312BD0063939B /* HomeProtocol.swift */,
			);
			path = Protocol;
			sourceTree = "<group>";
		};
		92CD9CFE244ADBAB000EF227 = {
			isa = PBXGroup;
			children = (
				92CD9D09244ADBAB000EF227 /* AuthorizationExample */,
				92CD9D23244ADBAC000EF227 /* AuthorizationExampleTests */,
				92CD9D08244ADBAB000EF227 /* Products */,
				4BF434FC5844E834688F572E /* Pods */,
				078DE2667CF62E13C7A2242E /* Frameworks */,
			);
			sourceTree = "<group>";
		};
		92CD9D08244ADBAB000EF227 /* Products */ = {
			isa = PBXGroup;
			children = (
				92CD9D07244ADBAB000EF227 /* AuthorizationExample.app */,
				92CD9D20244ADBAC000EF227 /* AuthorizationExampleTests.xctest */,
			);
			name = Products;
			sourceTree = "<group>";
		};
		92CD9D09244ADBAB000EF227 /* AuthorizationExample */ = {
			isa = PBXGroup;
			children = (
				92CD9D2F244ADD46000EF227 /* App Delegate */,
				92CD9D30244ADD63000EF227 /* Module */,
				92CD9D31244ADD69000EF227 /* Services */,
				92CD9D33244ADD85000EF227 /* Resources */,
				92CD9D34244ADD91000EF227 /* Storyboard */,
				92CD9D1B244ADBAC000EF227 /* Info.plist */,
				4BDFFBDB24519E9B007753B0 /* GoogleService-Info.plist */,
			);
			path = AuthorizationExample;
			sourceTree = "<group>";
		};
		92CD9D23244ADBAC000EF227 /* AuthorizationExampleTests */ = {
			isa = PBXGroup;
			children = (
				92CD9D24244ADBAC000EF227 /* AuthorizationExampleTests.swift */,
				92CD9D26244ADBAC000EF227 /* Info.plist */,
			);
			path = AuthorizationExampleTests;
			sourceTree = "<group>";
		};
		92CD9D2F244ADD46000EF227 /* App Delegate */ = {
			isa = PBXGroup;
			children = (
				92CD9D0A244ADBAB000EF227 /* AppDelegate.swift */,
				92CD9D0C244ADBAB000EF227 /* SceneDelegate.swift */,
			);
			path = "App Delegate";
			sourceTree = "<group>";
		};
		92CD9D30244ADD63000EF227 /* Module */ = {
			isa = PBXGroup;
			children = (
				92CD9D3A244ADE30000EF227 /* Navigation Protocol */,
				92CD9D35244ADDA1000EF227 /* Launch */,
				4BFC5B9624539368003DBD57 /* Log In */,
				4B5FF74B24581BC600F3986B /* Home */,
			);
			path = Module;
			sourceTree = "<group>";
		};
		92CD9D31244ADD69000EF227 /* Services */ = {
			isa = PBXGroup;
			children = (
				92F0208C244AE96400B1D6AC /* Builder */,
				92CD9D3F244AE095000EF227 /* Extension */,
				92CD9D32244ADD77000EF227 /* CoreData */,
			);
			path = Services;
			sourceTree = "<group>";
		};
		92CD9D32244ADD77000EF227 /* CoreData */ = {
			isa = PBXGroup;
			children = (
				4BE4BFDF2459AA5A0007BF57 /* Properties */,
				4BE4BFD02459A6B40007BF57 /* CoreDataManager.swift */,
				92CD9D13244ADBAB000EF227 /* AuthorizationExample.xcdatamodeld */,
			);
			path = CoreData;
			sourceTree = "<group>";
		};
		92CD9D33244ADD85000EF227 /* Resources */ = {
			isa = PBXGroup;
			children = (
				92CD9D16244ADBAC000EF227 /* Assets.xcassets */,
			);
			path = Resources;
			sourceTree = "<group>";
		};
		92CD9D34244ADD91000EF227 /* Storyboard */ = {
			isa = PBXGroup;
			children = (
				92CD9D18244ADBAC000EF227 /* LaunchScreen.storyboard */,
			);
			path = Storyboard;
			sourceTree = "<group>";
		};
		92CD9D35244ADDA1000EF227 /* Launch */ = {
			isa = PBXGroup;
			children = (
				4B5B84132455B50C0003AD06 /* Protocol */,
				92CD9D37244ADDAD000EF227 /* View */,
				4B84AD05244DDEDC0040B4BD /* Interactor */,
				92CD9D36244ADDA8000EF227 /* Presenter */,
				4B84AD02244DDD710040B4BD /* Router */,
			);
			path = Launch;
			sourceTree = "<group>";
		};
		92CD9D36244ADDA8000EF227 /* Presenter */ = {
			isa = PBXGroup;
			children = (
				92CD9D38244ADDDD000EF227 /* LaunchScreenPresenter.swift */,
			);
			path = Presenter;
			sourceTree = "<group>";
		};
		92CD9D37244ADDAD000EF227 /* View */ = {
			isa = PBXGroup;
			children = (
				92CD9D42244AE18A000EF227 /* LaunchView.swift */,
				92CD9D3D244ADF87000EF227 /* LaunchViewController.swift */,
			);
			path = View;
			sourceTree = "<group>";
		};
		92CD9D3A244ADE30000EF227 /* Navigation Protocol */ = {
			isa = PBXGroup;
			children = (
				92CD9D3B244ADE3F000EF227 /* NavigationProtocol.swift */,
			);
			path = "Navigation Protocol";
			sourceTree = "<group>";
		};
		92CD9D3F244AE095000EF227 /* Extension */ = {
			isa = PBXGroup;
			children = (
				92CD9D40244AE0AC000EF227 /* UIView+Extension.swift */,
				92CD9D44244AE2DF000EF227 /* UIColor+Extension.swift */,
				92CD9D46244AE345000EF227 /* UITextField+Extension.swift */,
				4B062B1A2455A64200BA6C32 /* UIButton+Extension.swift */,
				92F0208A244AE75400B1D6AC /* UIFont+Extension.swift */,
				9202F595244B9D240024F277 /* String+Extension.swift */,
			);
			path = Extension;
			sourceTree = "<group>";
		};
		92F0208C244AE96400B1D6AC /* Builder */ = {
			isa = PBXGroup;
			children = (
				92F0208D244AE97700B1D6AC /* Builder.swift */,
				92F02090244AE9F500B1D6AC /* LaunchBuilder.swift */,
				92F0209B244AF9F700B1D6AC /* LoginBuilder.swift */,
				4B007A3B245310EA0063939B /* HomeBuilder.swift */,
				4B136B032455EF0800F803C1 /* AddBuilder.swift */,
			);
			path = Builder;
			sourceTree = "<group>";
		};
		92F02092244AF66600B1D6AC /* Login */ = {
			isa = PBXGroup;
			children = (
				4BFC5B9D245393B0003DBD57 /* Protocol */,
				92F02094244AF6AC00B1D6AC /* View */,
				4BCBFCBC244E3B8700BA6244 /* Interactor */,
				92F02093244AF6A500B1D6AC /* Presenter */,
				4BCBFCC4244E3FB000BA6244 /* Entity */,
				4BCBFCBF244E3C6300BA6244 /* Router */,
			);
			path = Login;
			sourceTree = "<group>";
		};
		92F02093244AF6A500B1D6AC /* Presenter */ = {
			isa = PBXGroup;
			children = (
				92F02099244AF91900B1D6AC /* LoginPresenter.swift */,
			);
			path = Presenter;
			sourceTree = "<group>";
		};
		92F02094244AF6AC00B1D6AC /* View */ = {
			isa = PBXGroup;
			children = (
				92F02097244AF74300B1D6AC /* LoginView.swift */,
				92F02095244AF6BA00B1D6AC /* LoginViewController.swift */,
			);
			path = View;
			sourceTree = "<group>";
		};
/* End PBXGroup section */

/* Begin PBXNativeTarget section */
		92CD9D06244ADBAB000EF227 /* AuthorizationExample */ = {
			isa = PBXNativeTarget;
			buildConfigurationList = 92CD9D29244ADBAC000EF227 /* Build configuration list for PBXNativeTarget "AuthorizationExample" */;
			buildPhases = (
				09D23DB08D9575139559A224 /* [CP] Check Pods Manifest.lock */,
				92CD9D03244ADBAB000EF227 /* Sources */,
				92CD9D04244ADBAB000EF227 /* Frameworks */,
				92CD9D05244ADBAB000EF227 /* Resources */,
				090A9D2F965B0CFDA5A53643 /* [CP] Embed Pods Frameworks */,
				6958C8ABBC09B0BF21211AFC /* [CP] Copy Pods Resources */,
			);
			buildRules = (
			);
			dependencies = (
			);
			name = AuthorizationExample;
			productName = AuthorizationExample;
			productReference = 92CD9D07244ADBAB000EF227 /* AuthorizationExample.app */;
			productType = "com.apple.product-type.application";
		};
		92CD9D1F244ADBAC000EF227 /* AuthorizationExampleTests */ = {
			isa = PBXNativeTarget;
			buildConfigurationList = 92CD9D2C244ADBAC000EF227 /* Build configuration list for PBXNativeTarget "AuthorizationExampleTests" */;
			buildPhases = (
				C99B102B2BAE6EF3924DED3C /* [CP] Check Pods Manifest.lock */,
				92CD9D1C244ADBAC000EF227 /* Sources */,
				92CD9D1D244ADBAC000EF227 /* Frameworks */,
				92CD9D1E244ADBAC000EF227 /* Resources */,
			);
			buildRules = (
			);
			dependencies = (
				92CD9D22244ADBAC000EF227 /* PBXTargetDependency */,
			);
			name = AuthorizationExampleTests;
			productName = AuthorizationExampleTests;
			productReference = 92CD9D20244ADBAC000EF227 /* AuthorizationExampleTests.xctest */;
			productType = "com.apple.product-type.bundle.unit-test";
		};
/* End PBXNativeTarget section */

/* Begin PBXProject section */
		92CD9CFF244ADBAB000EF227 /* Project object */ = {
			isa = PBXProject;
			attributes = {
				LastSwiftUpdateCheck = 1140;
				LastUpgradeCheck = 1140;
				ORGANIZATIONNAME = "Denis Grishchenko";
				TargetAttributes = {
					92CD9D06244ADBAB000EF227 = {
						CreatedOnToolsVersion = 11.4.1;
					};
					92CD9D1F244ADBAC000EF227 = {
						CreatedOnToolsVersion = 11.4.1;
						TestTargetID = 92CD9D06244ADBAB000EF227;
					};
				};
			};
			buildConfigurationList = 92CD9D02244ADBAB000EF227 /* Build configuration list for PBXProject "AuthorizationExample" */;
			compatibilityVersion = "Xcode 9.3";
			developmentRegion = en;
			hasScannedForEncodings = 0;
			knownRegions = (
				en,
				Base,
			);
			mainGroup = 92CD9CFE244ADBAB000EF227;
			productRefGroup = 92CD9D08244ADBAB000EF227 /* Products */;
			projectDirPath = "";
			projectRoot = "";
			targets = (
				92CD9D06244ADBAB000EF227 /* AuthorizationExample */,
				92CD9D1F244ADBAC000EF227 /* AuthorizationExampleTests */,
			);
		};
/* End PBXProject section */

/* Begin PBXResourcesBuildPhase section */
		92CD9D05244ADBAB000EF227 /* Resources */ = {
			isa = PBXResourcesBuildPhase;
			buildActionMask = 2147483647;
			files = (
				92CD9D1A244ADBAC000EF227 /* LaunchScreen.storyboard in Resources */,
				92CD9D17244ADBAC000EF227 /* Assets.xcassets in Resources */,
				4BDFFBDC24519E9B007753B0 /* GoogleService-Info.plist in Resources */,
			);
			runOnlyForDeploymentPostprocessing = 0;
		};
		92CD9D1E244ADBAC000EF227 /* Resources */ = {
			isa = PBXResourcesBuildPhase;
			buildActionMask = 2147483647;
			files = (
			);
			runOnlyForDeploymentPostprocessing = 0;
		};
/* End PBXResourcesBuildPhase section */

/* Begin PBXShellScriptBuildPhase section */
		090A9D2F965B0CFDA5A53643 /* [CP] Embed Pods Frameworks */ = {
			isa = PBXShellScriptBuildPhase;
			buildActionMask = 2147483647;
			files = (
			);
			inputFileListPaths = (
				"${PODS_ROOT}/Target Support Files/Pods-AuthorizationExample/Pods-AuthorizationExample-frameworks-${CONFIGURATION}-input-files.xcfilelist",
			);
			name = "[CP] Embed Pods Frameworks";
			outputFileListPaths = (
				"${PODS_ROOT}/Target Support Files/Pods-AuthorizationExample/Pods-AuthorizationExample-frameworks-${CONFIGURATION}-output-files.xcfilelist",
			);
			runOnlyForDeploymentPostprocessing = 0;
			shellPath = /bin/sh;
			shellScript = "\"${PODS_ROOT}/Target Support Files/Pods-AuthorizationExample/Pods-AuthorizationExample-frameworks.sh\"\n";
			showEnvVarsInLog = 0;
		};
		09D23DB08D9575139559A224 /* [CP] Check Pods Manifest.lock */ = {
			isa = PBXShellScriptBuildPhase;
			buildActionMask = 2147483647;
			files = (
			);
			inputFileListPaths = (
			);
			inputPaths = (
				"${PODS_PODFILE_DIR_PATH}/Podfile.lock",
				"${PODS_ROOT}/Manifest.lock",
			);
			name = "[CP] Check Pods Manifest.lock";
			outputFileListPaths = (
			);
			outputPaths = (
				"$(DERIVED_FILE_DIR)/Pods-AuthorizationExample-checkManifestLockResult.txt",
			);
			runOnlyForDeploymentPostprocessing = 0;
			shellPath = /bin/sh;
			shellScript = "diff \"${PODS_PODFILE_DIR_PATH}/Podfile.lock\" \"${PODS_ROOT}/Manifest.lock\" > /dev/null\nif [ $? != 0 ] ; then\n    # print error to STDERR\n    echo \"error: The sandbox is not in sync with the Podfile.lock. Run 'pod install' or update your CocoaPods installation.\" >&2\n    exit 1\nfi\n# This output is used by Xcode 'outputs' to avoid re-running this script phase.\necho \"SUCCESS\" > \"${SCRIPT_OUTPUT_FILE_0}\"\n";
			showEnvVarsInLog = 0;
		};
		6958C8ABBC09B0BF21211AFC /* [CP] Copy Pods Resources */ = {
			isa = PBXShellScriptBuildPhase;
			buildActionMask = 2147483647;
			files = (
			);
			inputFileListPaths = (
				"${PODS_ROOT}/Target Support Files/Pods-AuthorizationExample/Pods-AuthorizationExample-resources-${CONFIGURATION}-input-files.xcfilelist",
			);
			name = "[CP] Copy Pods Resources";
			outputFileListPaths = (
				"${PODS_ROOT}/Target Support Files/Pods-AuthorizationExample/Pods-AuthorizationExample-resources-${CONFIGURATION}-output-files.xcfilelist",
			);
			runOnlyForDeploymentPostprocessing = 0;
			shellPath = /bin/sh;
			shellScript = "\"${PODS_ROOT}/Target Support Files/Pods-AuthorizationExample/Pods-AuthorizationExample-resources.sh\"\n";
			showEnvVarsInLog = 0;
		};
		C99B102B2BAE6EF3924DED3C /* [CP] Check Pods Manifest.lock */ = {
			isa = PBXShellScriptBuildPhase;
			buildActionMask = 2147483647;
			files = (
			);
			inputFileListPaths = (
			);
			inputPaths = (
				"${PODS_PODFILE_DIR_PATH}/Podfile.lock",
				"${PODS_ROOT}/Manifest.lock",
			);
			name = "[CP] Check Pods Manifest.lock";
			outputFileListPaths = (
			);
			outputPaths = (
				"$(DERIVED_FILE_DIR)/Pods-AuthorizationExampleTests-checkManifestLockResult.txt",
			);
			runOnlyForDeploymentPostprocessing = 0;
			shellPath = /bin/sh;
			shellScript = "diff \"${PODS_PODFILE_DIR_PATH}/Podfile.lock\" \"${PODS_ROOT}/Manifest.lock\" > /dev/null\nif [ $? != 0 ] ; then\n    # print error to STDERR\n    echo \"error: The sandbox is not in sync with the Podfile.lock. Run 'pod install' or update your CocoaPods installation.\" >&2\n    exit 1\nfi\n# This output is used by Xcode 'outputs' to avoid re-running this script phase.\necho \"SUCCESS\" > \"${SCRIPT_OUTPUT_FILE_0}\"\n";
			showEnvVarsInLog = 0;
		};
/* End PBXShellScriptBuildPhase section */

/* Begin PBXSourcesBuildPhase section */
		92CD9D03244ADBAB000EF227 /* Sources */ = {
			isa = PBXSourcesBuildPhase;
			buildActionMask = 2147483647;
			files = (
				4B5B84112455AF3E0003AD06 /* FirebaseSignUpService.swift in Sources */,
				4BFC5BA32453976D003DBD57 /* SignUpInteractor.swift in Sources */,
				4B136AFB2455EC8700F803C1 /* AddView.swift in Sources */,
				4BE84669245763390095ABE8 /* DataSource.swift in Sources */,
				92F0209A244AF91900B1D6AC /* LoginPresenter.swift in Sources */,
				4B280D93245791BE0082BF1E /* HomeViewCell.swift in Sources */,
				4BCBFCB1244E31FE00BA6244 /* SignInProtocol.swift in Sources */,
				4B84AD04244DDD7F0040B4BD /* LaunchConfigurator.swift in Sources */,
				4B5FF74E24581CA500F3986B /* DataSourceServiceProtocol.swift in Sources */,
				92F02096244AF6BA00B1D6AC /* LoginViewController.swift in Sources */,
				4B84AD01244DDCA30040B4BD /* LaunchProtocol.swift in Sources */,
				92CD9D0B244ADBAB000EF227 /* AppDelegate.swift in Sources */,
				4B136B0C2456014A00F803C1 /* ImagePickerService.swift in Sources */,
				4BFC5BA12453943D003DBD57 /* SignUpViewController.swift in Sources */,
				4BFC5B9424538E3F003DBD57 /* FirebaseSignInService.swift in Sources */,
				4B007A3C245310EA0063939B /* HomeBuilder.swift in Sources */,
				4B007A2E2452FC660063939B /* GoogleSignInService.swift in Sources */,
				4BCBFCC1244E3C7200BA6244 /* LoginRouter.swift in Sources */,
				4BFC5BA924539898003DBD57 /* SignUpConfigurator.swift in Sources */,
				4BCBFCB7244E35BD00BA6244 /* SignInConfigurator.swift in Sources */,
				4BCBFCB9244E362300BA6244 /* SignInRouter.swift in Sources */,
				4B136B062455FCDA00F803C1 /* AddViewPresenter.swift in Sources */,
				92CD9D43244AE18A000EF227 /* LaunchView.swift in Sources */,
				92F02098244AF74300B1D6AC /* LoginView.swift in Sources */,
				4BCBFCB4244E345200BA6244 /* SignInInteractor.swift in Sources */,
				92CD9D41244AE0AC000EF227 /* UIView+Extension.swift in Sources */,
				4BA455AC244C4C0D004D7F06 /* SignInPresenter.swift in Sources */,
				92CD9D47244AE345000EF227 /* UITextField+Extension.swift in Sources */,
				4BFC5B9F245393C9003DBD57 /* SignUpProtocol.swift in Sources */,
				4BA455AE244C4CF9004D7F06 /* SignInViewController.swift in Sources */,
				4B136AFD2455EC9000F803C1 /* AddViewController.swift in Sources */,
				4BCBFCC6244E3FCF00BA6244 /* CheckForm.swift in Sources */,
				4B136B042455EF0800F803C1 /* AddBuilder.swift in Sources */,
				4B136B0A2455FFA900F803C1 /* AddViewRouter.swift in Sources */,
				92CD9D45244AE2DF000EF227 /* UIColor+Extension.swift in Sources */,
				92F02091244AE9F500B1D6AC /* LaunchBuilder.swift in Sources */,
				4B007A442453152B0063939B /* HomePresenter.swift in Sources */,
				92CD9D3E244ADF87000EF227 /* LaunchViewController.swift in Sources */,
				4B007A3E245312BD0063939B /* HomeProtocol.swift in Sources */,
				4B136B022455EDE500F803C1 /* AddViewConfigurator.swift in Sources */,
				9202F596244B9D240024F277 /* String+Extension.swift in Sources */,
				4B007A422453151F0063939B /* HomeInteractor.swift in Sources */,
				4B84AD07244DDEF10040B4BD /* LaunchInteractor.swift in Sources */,
				4B007A3A24530FC70063939B /* HomeView.swift in Sources */,
				4B007A3824530F6A0063939B /* HomeViewController.swift in Sources */,
				92CD9D39244ADDDD000EF227 /* LaunchScreenPresenter.swift in Sources */,
				4B84AD09244DE1940040B4BD /* LaunchRouter.swift in Sources */,
				4B007A40245314CC0063939B /* HomeConfigurator.swift in Sources */,
				92CD9D15244ADBAB000EF227 /* AuthorizationExample.xcdatamodeld in Sources */,
				4BFC5BA724539837003DBD57 /* SignUpRouter.swift in Sources */,
				4BCBFCC3244E3CBB00BA6244 /* LoginConfigurator.swift in Sources */,
				4BA455B0244C4DAD004D7F06 /* SignInView.swift in Sources */,
				4B062B1B2455A64200BA6C32 /* UIButton+Extension.swift in Sources */,
				92CD9D0D244ADBAB000EF227 /* SceneDelegate.swift in Sources */,
				4BE4BFD12459A6B40007BF57 /* CoreDataManager.swift in Sources */,
				4BFC5BA5245397CB003DBD57 /* SignUpPresenter.swift in Sources */,
				4B007A462453177C0063939B /* HomeRouter.swift in Sources */,
				92CD9D3C244ADE3F000EF227 /* NavigationProtocol.swift in Sources */,
				4B5FF74A245817F900F3986B /* DataSourceService.swift in Sources */,
				4BE4BFE32459AA7C0007BF57 /* VineEntity+CoreDataProperties.swift in Sources */,
				92F0208B244AE75400B1D6AC /* UIFont+Extension.swift in Sources */,
				4B0765182456F82C00ACDC10 /* Vine.swift in Sources */,
				4B136B082455FDF600F803C1 /* AddViewInteractor.swift in Sources */,
				4B45AB3924539FF6004A6B4E /* SignUpView.swift in Sources */,
				4BCBFCBB244E39E000BA6244 /* LoginProtocol.swift in Sources */,
				4BCBFCBE244E3B9F00BA6244 /* LoginInteractor.swift in Sources */,
				92F0208E244AE97700B1D6AC /* Builder.swift in Sources */,
				4BE4BFE22459AA7C0007BF57 /* VineEntity+CoreDataClass.swift in Sources */,
				4BB3894C24563F240062DF5C /* RateCollectionViewCell.swift in Sources */,
				4B136B002455ED1C00F803C1 /* AddViewProtocol.swift in Sources */,
				92F0209C244AF9F700B1D6AC /* LoginBuilder.swift in Sources */,
			);
			runOnlyForDeploymentPostprocessing = 0;
		};
		92CD9D1C244ADBAC000EF227 /* Sources */ = {
			isa = PBXSourcesBuildPhase;
			buildActionMask = 2147483647;
			files = (
				92CD9D25244ADBAC000EF227 /* AuthorizationExampleTests.swift in Sources */,
			);
			runOnlyForDeploymentPostprocessing = 0;
		};
/* End PBXSourcesBuildPhase section */

/* Begin PBXTargetDependency section */
		92CD9D22244ADBAC000EF227 /* PBXTargetDependency */ = {
			isa = PBXTargetDependency;
			target = 92CD9D06244ADBAB000EF227 /* AuthorizationExample */;
			targetProxy = 92CD9D21244ADBAC000EF227 /* PBXContainerItemProxy */;
		};
/* End PBXTargetDependency section */

/* Begin PBXVariantGroup section */
		92CD9D18244ADBAC000EF227 /* LaunchScreen.storyboard */ = {
			isa = PBXVariantGroup;
			children = (
				92CD9D19244ADBAC000EF227 /* Base */,
			);
			name = LaunchScreen.storyboard;
			sourceTree = "<group>";
		};
/* End PBXVariantGroup section */

/* Begin XCBuildConfiguration section */
		92CD9D27244ADBAC000EF227 /* Debug */ = {
			isa = XCBuildConfiguration;
			buildSettings = {
				ALWAYS_SEARCH_USER_PATHS = NO;
				CLANG_ANALYZER_NONNULL = YES;
				CLANG_ANALYZER_NUMBER_OBJECT_CONVERSION = YES_AGGRESSIVE;
				CLANG_CXX_LANGUAGE_STANDARD = "gnu++14";
				CLANG_CXX_LIBRARY = "libc++";
				CLANG_ENABLE_MODULES = YES;
				CLANG_ENABLE_OBJC_ARC = YES;
				CLANG_ENABLE_OBJC_WEAK = YES;
				CLANG_WARN_BLOCK_CAPTURE_AUTORELEASING = YES;
				CLANG_WARN_BOOL_CONVERSION = YES;
				CLANG_WARN_COMMA = YES;
				CLANG_WARN_CONSTANT_CONVERSION = YES;
				CLANG_WARN_DEPRECATED_OBJC_IMPLEMENTATIONS = YES;
				CLANG_WARN_DIRECT_OBJC_ISA_USAGE = YES_ERROR;
				CLANG_WARN_DOCUMENTATION_COMMENTS = YES;
				CLANG_WARN_EMPTY_BODY = YES;
				CLANG_WARN_ENUM_CONVERSION = YES;
				CLANG_WARN_INFINITE_RECURSION = YES;
				CLANG_WARN_INT_CONVERSION = YES;
				CLANG_WARN_NON_LITERAL_NULL_CONVERSION = YES;
				CLANG_WARN_OBJC_IMPLICIT_RETAIN_SELF = YES;
				CLANG_WARN_OBJC_LITERAL_CONVERSION = YES;
				CLANG_WARN_OBJC_ROOT_CLASS = YES_ERROR;
				CLANG_WARN_RANGE_LOOP_ANALYSIS = YES;
				CLANG_WARN_STRICT_PROTOTYPES = YES;
				CLANG_WARN_SUSPICIOUS_MOVE = YES;
				CLANG_WARN_UNGUARDED_AVAILABILITY = YES_AGGRESSIVE;
				CLANG_WARN_UNREACHABLE_CODE = YES;
				CLANG_WARN__DUPLICATE_METHOD_MATCH = YES;
				COPY_PHASE_STRIP = NO;
				DEBUG_INFORMATION_FORMAT = dwarf;
				ENABLE_STRICT_OBJC_MSGSEND = YES;
				ENABLE_TESTABILITY = YES;
				GCC_C_LANGUAGE_STANDARD = gnu11;
				GCC_DYNAMIC_NO_PIC = NO;
				GCC_NO_COMMON_BLOCKS = YES;
				GCC_OPTIMIZATION_LEVEL = 0;
				GCC_PREPROCESSOR_DEFINITIONS = (
					"DEBUG=1",
					"$(inherited)",
				);
				GCC_WARN_64_TO_32_BIT_CONVERSION = YES;
				GCC_WARN_ABOUT_RETURN_TYPE = YES_ERROR;
				GCC_WARN_UNDECLARED_SELECTOR = YES;
				GCC_WARN_UNINITIALIZED_AUTOS = YES_AGGRESSIVE;
				GCC_WARN_UNUSED_FUNCTION = YES;
				GCC_WARN_UNUSED_VARIABLE = YES;
				IPHONEOS_DEPLOYMENT_TARGET = 13.4;
				MTL_ENABLE_DEBUG_INFO = INCLUDE_SOURCE;
				MTL_FAST_MATH = YES;
				ONLY_ACTIVE_ARCH = YES;
				SDKROOT = iphoneos;
				SWIFT_ACTIVE_COMPILATION_CONDITIONS = DEBUG;
				SWIFT_OPTIMIZATION_LEVEL = "-Onone";
			};
			name = Debug;
		};
		92CD9D28244ADBAC000EF227 /* Release */ = {
			isa = XCBuildConfiguration;
			buildSettings = {
				ALWAYS_SEARCH_USER_PATHS = NO;
				CLANG_ANALYZER_NONNULL = YES;
				CLANG_ANALYZER_NUMBER_OBJECT_CONVERSION = YES_AGGRESSIVE;
				CLANG_CXX_LANGUAGE_STANDARD = "gnu++14";
				CLANG_CXX_LIBRARY = "libc++";
				CLANG_ENABLE_MODULES = YES;
				CLANG_ENABLE_OBJC_ARC = YES;
				CLANG_ENABLE_OBJC_WEAK = YES;
				CLANG_WARN_BLOCK_CAPTURE_AUTORELEASING = YES;
				CLANG_WARN_BOOL_CONVERSION = YES;
				CLANG_WARN_COMMA = YES;
				CLANG_WARN_CONSTANT_CONVERSION = YES;
				CLANG_WARN_DEPRECATED_OBJC_IMPLEMENTATIONS = YES;
				CLANG_WARN_DIRECT_OBJC_ISA_USAGE = YES_ERROR;
				CLANG_WARN_DOCUMENTATION_COMMENTS = YES;
				CLANG_WARN_EMPTY_BODY = YES;
				CLANG_WARN_ENUM_CONVERSION = YES;
				CLANG_WARN_INFINITE_RECURSION = YES;
				CLANG_WARN_INT_CONVERSION = YES;
				CLANG_WARN_NON_LITERAL_NULL_CONVERSION = YES;
				CLANG_WARN_OBJC_IMPLICIT_RETAIN_SELF = YES;
				CLANG_WARN_OBJC_LITERAL_CONVERSION = YES;
				CLANG_WARN_OBJC_ROOT_CLASS = YES_ERROR;
				CLANG_WARN_RANGE_LOOP_ANALYSIS = YES;
				CLANG_WARN_STRICT_PROTOTYPES = YES;
				CLANG_WARN_SUSPICIOUS_MOVE = YES;
				CLANG_WARN_UNGUARDED_AVAILABILITY = YES_AGGRESSIVE;
				CLANG_WARN_UNREACHABLE_CODE = YES;
				CLANG_WARN__DUPLICATE_METHOD_MATCH = YES;
				COPY_PHASE_STRIP = NO;
				DEBUG_INFORMATION_FORMAT = "dwarf-with-dsym";
				ENABLE_NS_ASSERTIONS = NO;
				ENABLE_STRICT_OBJC_MSGSEND = YES;
				GCC_C_LANGUAGE_STANDARD = gnu11;
				GCC_NO_COMMON_BLOCKS = YES;
				GCC_WARN_64_TO_32_BIT_CONVERSION = YES;
				GCC_WARN_ABOUT_RETURN_TYPE = YES_ERROR;
				GCC_WARN_UNDECLARED_SELECTOR = YES;
				GCC_WARN_UNINITIALIZED_AUTOS = YES_AGGRESSIVE;
				GCC_WARN_UNUSED_FUNCTION = YES;
				GCC_WARN_UNUSED_VARIABLE = YES;
				IPHONEOS_DEPLOYMENT_TARGET = 13.4;
				MTL_ENABLE_DEBUG_INFO = NO;
				MTL_FAST_MATH = YES;
				SDKROOT = iphoneos;
				SWIFT_COMPILATION_MODE = wholemodule;
				SWIFT_OPTIMIZATION_LEVEL = "-O";
				VALIDATE_PRODUCT = YES;
			};
			name = Release;
		};
		92CD9D2A244ADBAC000EF227 /* Debug */ = {
			isa = XCBuildConfiguration;
			baseConfigurationReference = 0B65C72F62C374DB5852B716 /* Pods-AuthorizationExample.debug.xcconfig */;
			buildSettings = {
				ASSETCATALOG_COMPILER_APPICON_NAME = AppIcon;
				CODE_SIGN_STYLE = Automatic;
				DEVELOPMENT_TEAM = 4ZM4QJK25D;
				INFOPLIST_FILE = AuthorizationExample/Info.plist;
				LD_RUNPATH_SEARCH_PATHS = (
					"$(inherited)",
					"@executable_path/Frameworks",
				);
				PRODUCT_BUNDLE_IDENTIFIER = com.grishchenko.denis.AuthorizationExample;
				PRODUCT_NAME = "$(TARGET_NAME)";
				SWIFT_VERSION = 5.0;
				TARGETED_DEVICE_FAMILY = "1,2";
			};
			name = Debug;
		};
		92CD9D2B244ADBAC000EF227 /* Release */ = {
			isa = XCBuildConfiguration;
			baseConfigurationReference = 6CF38324A2A703BC5C98667B /* Pods-AuthorizationExample.release.xcconfig */;
			buildSettings = {
				ASSETCATALOG_COMPILER_APPICON_NAME = AppIcon;
				CODE_SIGN_STYLE = Automatic;
				DEVELOPMENT_TEAM = 4ZM4QJK25D;
				INFOPLIST_FILE = AuthorizationExample/Info.plist;
				LD_RUNPATH_SEARCH_PATHS = (
					"$(inherited)",
					"@executable_path/Frameworks",
				);
				PRODUCT_BUNDLE_IDENTIFIER = com.grishchenko.denis.AuthorizationExample;
				PRODUCT_NAME = "$(TARGET_NAME)";
				SWIFT_VERSION = 5.0;
				TARGETED_DEVICE_FAMILY = "1,2";
			};
			name = Release;
		};
		92CD9D2D244ADBAC000EF227 /* Debug */ = {
			isa = XCBuildConfiguration;
			baseConfigurationReference = F3045DA5B21C2D73AEE9BA10 /* Pods-AuthorizationExampleTests.debug.xcconfig */;
			buildSettings = {
				ALWAYS_EMBED_SWIFT_STANDARD_LIBRARIES = YES;
				BUNDLE_LOADER = "$(TEST_HOST)";
				CODE_SIGN_STYLE = Automatic;
				INFOPLIST_FILE = AuthorizationExampleTests/Info.plist;
				IPHONEOS_DEPLOYMENT_TARGET = 13.4;
				LD_RUNPATH_SEARCH_PATHS = (
					"$(inherited)",
					"@executable_path/Frameworks",
					"@loader_path/Frameworks",
				);
				PRODUCT_BUNDLE_IDENTIFIER = com.grishchenko.denis.AuthorizationExampleTests;
				PRODUCT_NAME = "$(TARGET_NAME)";
				SWIFT_VERSION = 5.0;
				TARGETED_DEVICE_FAMILY = "1,2";
				TEST_HOST = "$(BUILT_PRODUCTS_DIR)/AuthorizationExample.app/AuthorizationExample";
			};
			name = Debug;
		};
		92CD9D2E244ADBAC000EF227 /* Release */ = {
			isa = XCBuildConfiguration;
			baseConfigurationReference = 2CBC98F6E68039E085175EB7 /* Pods-AuthorizationExampleTests.release.xcconfig */;
			buildSettings = {
				ALWAYS_EMBED_SWIFT_STANDARD_LIBRARIES = YES;
				BUNDLE_LOADER = "$(TEST_HOST)";
				CODE_SIGN_STYLE = Automatic;
				INFOPLIST_FILE = AuthorizationExampleTests/Info.plist;
				IPHONEOS_DEPLOYMENT_TARGET = 13.4;
				LD_RUNPATH_SEARCH_PATHS = (
					"$(inherited)",
					"@executable_path/Frameworks",
					"@loader_path/Frameworks",
				);
				PRODUCT_BUNDLE_IDENTIFIER = com.grishchenko.denis.AuthorizationExampleTests;
				PRODUCT_NAME = "$(TARGET_NAME)";
				SWIFT_VERSION = 5.0;
				TARGETED_DEVICE_FAMILY = "1,2";
				TEST_HOST = "$(BUILT_PRODUCTS_DIR)/AuthorizationExample.app/AuthorizationExample";
			};
			name = Release;
		};
/* End XCBuildConfiguration section */

/* Begin XCConfigurationList section */
		92CD9D02244ADBAB000EF227 /* Build configuration list for PBXProject "AuthorizationExample" */ = {
			isa = XCConfigurationList;
			buildConfigurations = (
				92CD9D27244ADBAC000EF227 /* Debug */,
				92CD9D28244ADBAC000EF227 /* Release */,
			);
			defaultConfigurationIsVisible = 0;
			defaultConfigurationName = Release;
		};
		92CD9D29244ADBAC000EF227 /* Build configuration list for PBXNativeTarget "AuthorizationExample" */ = {
			isa = XCConfigurationList;
			buildConfigurations = (
				92CD9D2A244ADBAC000EF227 /* Debug */,
				92CD9D2B244ADBAC000EF227 /* Release */,
			);
			defaultConfigurationIsVisible = 0;
			defaultConfigurationName = Release;
		};
		92CD9D2C244ADBAC000EF227 /* Build configuration list for PBXNativeTarget "AuthorizationExampleTests" */ = {
			isa = XCConfigurationList;
			buildConfigurations = (
				92CD9D2D244ADBAC000EF227 /* Debug */,
				92CD9D2E244ADBAC000EF227 /* Release */,
			);
			defaultConfigurationIsVisible = 0;
			defaultConfigurationName = Release;
		};
/* End XCConfigurationList section */

/* Begin XCVersionGroup section */
		92CD9D13244ADBAB000EF227 /* AuthorizationExample.xcdatamodeld */ = {
			isa = XCVersionGroup;
			children = (
				92CD9D14244ADBAB000EF227 /* AuthorizationExample.xcdatamodel */,
			);
			currentVersion = 92CD9D14244ADBAB000EF227 /* AuthorizationExample.xcdatamodel */;
			path = AuthorizationExample.xcdatamodeld;
			sourceTree = "<group>";
			versionGroupType = wrapper.xcdatamodel;
		};
/* End XCVersionGroup section */
	};
	rootObject = 92CD9CFF244ADBAB000EF227 /* Project object */;
}
